// !$*UTF8*$!
{
	archiveVersion = 1;
	classes = {
	};
	objectVersion = 56;
	objects = {

/* Begin PBXBuildFile section */
		FC09745E2A40D7A50058EBF7 /* OutlookResponse.swift in Sources */ = {isa = PBXBuildFile; fileRef = FC09745D2A40D7A50058EBF7 /* OutlookResponse.swift */; };
		FC0974602A40D8220058EBF7 /* OutlookService.swift in Sources */ = {isa = PBXBuildFile; fileRef = FC09745F2A40D8220058EBF7 /* OutlookService.swift */; };
		FC0EA31D2DE3D90400B3B8CC /* ClippedBackgroundModifier.swift in Sources */ = {isa = PBXBuildFile; fileRef = FC0EA31C2DE3D90300B3B8CC /* ClippedBackgroundModifier.swift */; };
		FC0EA31F2DE3FF8200B3B8CC /* CommonURL.swift in Sources */ = {isa = PBXBuildFile; fileRef = FC0EA31E2DE3FF8200B3B8CC /* CommonURL.swift */; };
		FC0EA3202DE3FF8200B3B8CC /* CommonURL.swift in Sources */ = {isa = PBXBuildFile; fileRef = FC0EA31E2DE3FF8200B3B8CC /* CommonURL.swift */; };
		FC0EA3222DE3FFA800B3B8CC /* AppStorageKeys.swift in Sources */ = {isa = PBXBuildFile; fileRef = FC0EA3212DE3FFA800B3B8CC /* AppStorageKeys.swift */; };
		FC0EA3242DE3FFB300B3B8CC /* CodedAppStorage.swift in Sources */ = {isa = PBXBuildFile; fileRef = FC0EA3232DE3FFB300B3B8CC /* CodedAppStorage.swift */; };
		FC0EA3262DE4067100B3B8CC /* SafetyLinksSection.swift in Sources */ = {isa = PBXBuildFile; fileRef = FC0EA3252DE4067100B3B8CC /* SafetyLinksSection.swift */; };
		FC0EA32A2DE4B40400B3B8CC /* Extensions.swift in Sources */ = {isa = PBXBuildFile; fileRef = FC0EA3292DE4B40400B3B8CC /* Extensions.swift */; };
		FC21F5F129D9C8E800046C79 /* Color.swift in Sources */ = {isa = PBXBuildFile; fileRef = FC21F5F029D9C8E800046C79 /* Color.swift */; };
		FC21F5F829D9F54A00046C79 /* AboutView.swift in Sources */ = {isa = PBXBuildFile; fileRef = FC21F5F729D9F54A00046C79 /* AboutView.swift */; };
		FC21F61029E10BB000046C79 /* Optional.swift in Sources */ = {isa = PBXBuildFile; fileRef = FC21F60F29E10BB000046C79 /* Optional.swift */; };
		FC21F61929E11CA800046C79 /* LoadingModifier.swift in Sources */ = {isa = PBXBuildFile; fileRef = FC21F61829E11CA800046C79 /* LoadingModifier.swift */; };
		FC21F62D29E1BA9800046C79 /* OutlookTypePicker.swift in Sources */ = {isa = PBXBuildFile; fileRef = FC21F62C29E1BA9800046C79 /* OutlookTypePicker.swift */; };
		FC21F62F29E1BB6A00046C79 /* BottomToolbar.swift in Sources */ = {isa = PBXBuildFile; fileRef = FC21F62E29E1BB6A00046C79 /* BottomToolbar.swift */; };
		FC21F63329E1C84C00046C79 /* RiskDetailView.swift in Sources */ = {isa = PBXBuildFile; fileRef = FC21F63229E1C84C00046C79 /* RiskDetailView.swift */; };
		FC21F63E29E1DE5700046C79 /* View.swift in Sources */ = {isa = PBXBuildFile; fileRef = FC21F63D29E1DE5700046C79 /* View.swift */; };
		FC2668982A5CFF4D00CA34DC /* MapStylePicker.swift in Sources */ = {isa = PBXBuildFile; fileRef = FC2668972A5CFF4D00CA34DC /* MapStylePicker.swift */; };
		FC26689F2A5E386200CA34DC /* LocationService.swift in Sources */ = {isa = PBXBuildFile; fileRef = FC26689E2A5E386200CA34DC /* LocationService.swift */; };
		FC2668A12A5E5A0E00CA34DC /* MKMapRect.swift in Sources */ = {isa = PBXBuildFile; fileRef = FC2668A02A5E5A0E00CA34DC /* MKMapRect.swift */; };
		FC2A89882C7C26D400EA0BCF /* GeoJSONFeature.swift in Sources */ = {isa = PBXBuildFile; fileRef = FC2A89872C7C26D400EA0BCF /* GeoJSONFeature.swift */; };
		FC2A89892C7C26D400EA0BCF /* GeoJSONFeature.swift in Sources */ = {isa = PBXBuildFile; fileRef = FC2A89872C7C26D400EA0BCF /* GeoJSONFeature.swift */; };
		FC2A898B2C7C270900EA0BCF /* GeoJSONPolygon.swift in Sources */ = {isa = PBXBuildFile; fileRef = FC2A898A2C7C270900EA0BCF /* GeoJSONPolygon.swift */; };
		FC2A898C2C7C270900EA0BCF /* GeoJSONPolygon.swift in Sources */ = {isa = PBXBuildFile; fileRef = FC2A898A2C7C270900EA0BCF /* GeoJSONPolygon.swift */; };
		FC2DE5572DF8A7600081DE27 /* RedzoneGlass.icon in Resources */ = {isa = PBXBuildFile; fileRef = FC2DE5562DF8A7600081DE27 /* RedzoneGlass.icon */; };
		FC3172972C800474005281F6 /* MapViewStyle.swift in Sources */ = {isa = PBXBuildFile; fileRef = FC3172962C800474005281F6 /* MapViewStyle.swift */; };
		FC54AFA82BDEBB6A00D559C0 /* CLLocationCoordinate2D.swift in Sources */ = {isa = PBXBuildFile; fileRef = FC54AFA72BDEBB6A00D559C0 /* CLLocationCoordinate2D.swift */; };
		FC54AFA92BDEBBA100D559C0 /* CLLocationCoordinate2D.swift in Sources */ = {isa = PBXBuildFile; fileRef = FC54AFA72BDEBB6A00D559C0 /* CLLocationCoordinate2D.swift */; };
		FC55043C2DE51208000F3AE5 /* PrivacyInfo.xcprivacy in Resources */ = {isa = PBXBuildFile; fileRef = FC55043B2DE51208000F3AE5 /* PrivacyInfo.xcprivacy */; };
		FC6DD71D2DB31393002BB563 /* DisclaimerView.swift in Sources */ = {isa = PBXBuildFile; fileRef = FC6DD71C2DB31390002BB563 /* DisclaimerView.swift */; };
		FC6DD7202DB34CC7002BB563 /* LabelledLink.swift in Sources */ = {isa = PBXBuildFile; fileRef = FC6DD71F2DB34CC7002BB563 /* LabelledLink.swift */; };
		FC70F92529C29F9B006C5DAC /* Redzone.swift in Sources */ = {isa = PBXBuildFile; fileRef = FC70F92429C29F9B006C5DAC /* Redzone.swift */; };
		FC70F92729C29F9B006C5DAC /* ContentView.swift in Sources */ = {isa = PBXBuildFile; fileRef = FC70F92629C29F9B006C5DAC /* ContentView.swift */; };
		FC70F92929C29F9D006C5DAC /* Assets.xcassets in Resources */ = {isa = PBXBuildFile; fileRef = FC70F92829C29F9D006C5DAC /* Assets.xcassets */; };
		FC82317B2DE211C000492461 /* String.swift in Sources */ = {isa = PBXBuildFile; fileRef = FC82317A2DE211BF00492461 /* String.swift */; };
		FC82317C2DE211C000492461 /* String.swift in Sources */ = {isa = PBXBuildFile; fileRef = FC82317A2DE211BF00492461 /* String.swift */; };
		FCA57D3F2B9F52F5008DDCE8 /* ExtensionTests.swift in Sources */ = {isa = PBXBuildFile; fileRef = FCA57D3E2B9F52F5008DDCE8 /* ExtensionTests.swift */; };
		FCAB72C62BC3702E00E41256 /* CategoricalGaugeView.swift in Sources */ = {isa = PBXBuildFile; fileRef = FCAB72C52BC3702E00E41256 /* CategoricalGaugeView.swift */; };
		FCAB72C82BC370F900E41256 /* NoSevereView.swift in Sources */ = {isa = PBXBuildFile; fileRef = FCAB72C72BC370F900E41256 /* NoSevereView.swift */; };
		FCAB72CA2BC3714800E41256 /* WidgetErrorView.swift in Sources */ = {isa = PBXBuildFile; fileRef = FCAB72C92BC3714800E41256 /* WidgetErrorView.swift */; };
		FCAB72D02BC3748400E41256 /* OutlookDay.swift in Sources */ = {isa = PBXBuildFile; fileRef = FCAB72CF2BC3748400E41256 /* OutlookDay.swift */; };
		FCAB72D42BC37A7E00E41256 /* DayLabel.swift in Sources */ = {isa = PBXBuildFile; fileRef = FCAB72D32BC37A7E00E41256 /* DayLabel.swift */; };
		FCAB72D62BC37D8500E41256 /* OutlookDay.swift in Sources */ = {isa = PBXBuildFile; fileRef = FCAB72CF2BC3748400E41256 /* OutlookDay.swift */; };
		FCAB72EA2BC383E200E41256 /* OutlookDayConfigurationIntent.swift in Sources */ = {isa = PBXBuildFile; fileRef = FCAB72D12BC3752800E41256 /* OutlookDayConfigurationIntent.swift */; };
		FCAB72EB2BC383E300E41256 /* OutlookDayConfigurationIntent.swift in Sources */ = {isa = PBXBuildFile; fileRef = FCAB72D12BC3752800E41256 /* OutlookDayConfigurationIntent.swift */; };
		FCAC37902B75C88300AEB3C8 /* MapStyleModifier.swift in Sources */ = {isa = PBXBuildFile; fileRef = FCAC378F2B75C88300AEB3C8 /* MapStyleModifier.swift */; };
		FCAC37922B76C2DD00AEB3C8 /* DismissButton.swift in Sources */ = {isa = PBXBuildFile; fileRef = FCAC37912B76C2DD00AEB3C8 /* DismissButton.swift */; };
		FCAC37952B78793600AEB3C8 /* AboutCategoricalRiskView.swift in Sources */ = {isa = PBXBuildFile; fileRef = FCAC37942B78793600AEB3C8 /* AboutCategoricalRiskView.swift */; };
		FCAC37972B7879C300AEB3C8 /* PercentageRiskDetailView.swift in Sources */ = {isa = PBXBuildFile; fileRef = FCAC37962B7879C300AEB3C8 /* PercentageRiskDetailView.swift */; };
		FCAC37992B787A0F00AEB3C8 /* RiskLevelLinksView.swift in Sources */ = {isa = PBXBuildFile; fileRef = FCAC37982B787A0F00AEB3C8 /* RiskLevelLinksView.swift */; };
		FCAC379B2B79A69200AEB3C8 /* Button.swift in Sources */ = {isa = PBXBuildFile; fileRef = FCAC379A2B79A69200AEB3C8 /* Button.swift */; };
		FCAC379D2B79ABB800AEB3C8 /* OutlookLegendIconView.swift in Sources */ = {isa = PBXBuildFile; fileRef = FCAC379C2B79ABB800AEB3C8 /* OutlookLegendIconView.swift */; };
		FCAC379F2B79AC3100AEB3C8 /* SigSevLegendIconView.swift in Sources */ = {isa = PBXBuildFile; fileRef = FCAC379E2B79AC3100AEB3C8 /* SigSevLegendIconView.swift */; };
		FCAC37A12B79B4B700AEB3C8 /* MapMultiPolygon.swift in Sources */ = {isa = PBXBuildFile; fileRef = FCAC37A02B79B4B700AEB3C8 /* MapMultiPolygon.swift */; };
		FCB2C7272C7EE1E800F01C81 /* GeoJSON in Frameworks */ = {isa = PBXBuildFile; productRef = FCB2C7262C7EE1E800F01C81 /* GeoJSON */; };
		FCB2C7292C7EE1F400F01C81 /* GeoJSON in Frameworks */ = {isa = PBXBuildFile; productRef = FCB2C7282C7EE1F400F01C81 /* GeoJSON */; };
		FCB2C72C2C7EE22A00F01C81 /* OutlookProvider.swift in Sources */ = {isa = PBXBuildFile; fileRef = FCB2C72A2C7EE22A00F01C81 /* OutlookProvider.swift */; };
		FCB2C72D2C7EE24900F01C81 /* SwiftUI.framework in Frameworks */ = {isa = PBXBuildFile; fileRef = FCF912EF2BC0F61C005E5A44 /* SwiftUI.framework */; };
		FCB2C72F2C7EE49B00F01C81 /* DateLabel.swift in Sources */ = {isa = PBXBuildFile; fileRef = FCB2C72E2C7EE49B00F01C81 /* DateLabel.swift */; };
		FCB2C7362C7EE59800F01C81 /* UnsupportedWidgetFamilyView.swift in Sources */ = {isa = PBXBuildFile; fileRef = FCB2C7352C7EE59800F01C81 /* UnsupportedWidgetFamilyView.swift */; };
		FCB386FA2A57A6C300C10FFB /* OutlookSeverity.swift in Sources */ = {isa = PBXBuildFile; fileRef = FCB386F92A57A6C300C10FFB /* OutlookSeverity.swift */; };
		FCB386FD2A57A9B000C10FFB /* OutlookMapView.swift in Sources */ = {isa = PBXBuildFile; fileRef = FCB386FC2A57A9B000C10FFB /* OutlookMapView.swift */; };
		FCB4BBB92A48E12900738C3E /* MapKit.framework in Frameworks */ = {isa = PBXBuildFile; fileRef = FCB4BBB82A48E12900738C3E /* MapKit.framework */; };
		FCB4BBC22A48E36100738C3E /* OutlookProperties.swift in Sources */ = {isa = PBXBuildFile; fileRef = FCB4BBC12A48E36100738C3E /* OutlookProperties.swift */; };
		FCB4BBC62A48F93300738C3E /* TappedOutlook.swift in Sources */ = {isa = PBXBuildFile; fileRef = FCB4BBC52A48F93300738C3E /* TappedOutlook.swift */; };
		FCB4BBC82A4919E600738C3E /* ErrorView.swift in Sources */ = {isa = PBXBuildFile; fileRef = FCB4BBC72A4919E600738C3E /* ErrorView.swift */; };
		FCC6D5A52C7ED48300B161D5 /* Context.swift in Sources */ = {isa = PBXBuildFile; fileRef = FCC6D5A42C7ED48300B161D5 /* Context.swift */; };
		FCC6D5AC2C7ED4FA00B161D5 /* Collection.swift in Sources */ = {isa = PBXBuildFile; fileRef = FCC6D5A82C7ED4FA00B161D5 /* Collection.swift */; };
		FCC6D5AD2C7ED4FA00B161D5 /* Collection.swift in Sources */ = {isa = PBXBuildFile; fileRef = FCC6D5A82C7ED4FA00B161D5 /* Collection.swift */; };
		FCC6D5AE2C7ED4FA00B161D5 /* Bool.swift in Sources */ = {isa = PBXBuildFile; fileRef = FCC6D5A92C7ED4FA00B161D5 /* Bool.swift */; };
		FCC6D5AF2C7ED4FA00B161D5 /* Bool.swift in Sources */ = {isa = PBXBuildFile; fileRef = FCC6D5A92C7ED4FA00B161D5 /* Bool.swift */; };
		FCC6D5BC2C7ED8A500B161D5 /* View.swift in Sources */ = {isa = PBXBuildFile; fileRef = FCC6D5B42C7ED8A500B161D5 /* View.swift */; };
		FCC6D5BD2C7ED8A500B161D5 /* AppIntentTimelineProvider.swift in Sources */ = {isa = PBXBuildFile; fileRef = FCC6D5B62C7ED8A500B161D5 /* AppIntentTimelineProvider.swift */; };
		FCC6D5BE2C7ED8A500B161D5 /* Timeline.swift in Sources */ = {isa = PBXBuildFile; fileRef = FCC6D5B72C7ED8A500B161D5 /* Timeline.swift */; };
		FCC6D5BF2C7ED8A500B161D5 /* TimelineReloadPolicy.swift in Sources */ = {isa = PBXBuildFile; fileRef = FCC6D5B82C7ED8A500B161D5 /* TimelineReloadPolicy.swift */; };
		FCC6D5C02C7ED8A500B161D5 /* WidgetFamily.swift in Sources */ = {isa = PBXBuildFile; fileRef = FCC6D5B92C7ED8A500B161D5 /* WidgetFamily.swift */; };
		FCC6D5C22C7ED8BD00B161D5 /* WidgetFoundation.swift in Sources */ = {isa = PBXBuildFile; fileRef = FCC6D5C12C7ED8BD00B161D5 /* WidgetFoundation.swift */; };
		FCD037502BC4EE8F00986EC3 /* Logger.swift in Sources */ = {isa = PBXBuildFile; fileRef = FCD0374F2BC4EE8F00986EC3 /* Logger.swift */; };
		FCD037512BC4EE8F00986EC3 /* Logger.swift in Sources */ = {isa = PBXBuildFile; fileRef = FCD0374F2BC4EE8F00986EC3 /* Logger.swift */; };
		FCDA91542A3E5123003FFD84 /* SafariServices.framework in Frameworks */ = {isa = PBXBuildFile; fileRef = FCDA91532A3E5123003FFD84 /* SafariServices.framework */; };
		FCE29F2C2CAE3BDA00056693 /* ConvectiveRiskWidget.swift in Sources */ = {isa = PBXBuildFile; fileRef = FCE29F2B2CAE3BDA00056693 /* ConvectiveRiskWidget.swift */; };
		FCE29F2E2CAE3BF800056693 /* ConvectiveRiskWidgetEntryView.swift in Sources */ = {isa = PBXBuildFile; fileRef = FCE29F2D2CAE3BF800056693 /* ConvectiveRiskWidgetEntryView.swift */; };
		FCE29F3E2CAE3E7100056693 /* RiskBreakdownWidgetEntryView.swift in Sources */ = {isa = PBXBuildFile; fileRef = FCE29F392CAE3E7100056693 /* RiskBreakdownWidgetEntryView.swift */; };
		FCE29F3F2CAE3E7100056693 /* CategoricalOutlookWidgetEntryView.swift in Sources */ = {isa = PBXBuildFile; fileRef = FCE29F332CAE3E7100056693 /* CategoricalOutlookWidgetEntryView.swift */; };
		FCE29F442CAE3EBE00056693 /* CombinedRiskWidgetEntryView.swift in Sources */ = {isa = PBXBuildFile; fileRef = FCE29F422CAE3EBE00056693 /* CombinedRiskWidgetEntryView.swift */; };
		FCE29F472CAE425C00056693 /* CombinedRisks.swift in Sources */ = {isa = PBXBuildFile; fileRef = FCE29F462CAE425C00056693 /* CombinedRisks.swift */; };
		FCF8110E2BC1E92D005D3552 /* OutlookType.swift in Sources */ = {isa = PBXBuildFile; fileRef = FCF8110D2BC1E92D005D3552 /* OutlookType.swift */; };
		FCF811112BC1E952005D3552 /* OutlookFetcher.swift in Sources */ = {isa = PBXBuildFile; fileRef = FCF811102BC1E952005D3552 /* OutlookFetcher.swift */; };
		FCF811122BC1E952005D3552 /* OutlookFetcher.swift in Sources */ = {isa = PBXBuildFile; fileRef = FCF811102BC1E952005D3552 /* OutlookFetcher.swift */; };
		FCF811152BC1EA66005D3552 /* OutlookFetcherError.swift in Sources */ = {isa = PBXBuildFile; fileRef = FCF811142BC1EA66005D3552 /* OutlookFetcherError.swift */; };
		FCF811162BC1EA66005D3552 /* OutlookFetcherError.swift in Sources */ = {isa = PBXBuildFile; fileRef = FCF811142BC1EA66005D3552 /* OutlookFetcherError.swift */; };
		FCF811182BC1EC87005D3552 /* OutlookSeverity.swift in Sources */ = {isa = PBXBuildFile; fileRef = FCB386F92A57A6C300C10FFB /* OutlookSeverity.swift */; };
		FCF8111A2BC1EC87005D3552 /* OutlookType.swift in Sources */ = {isa = PBXBuildFile; fileRef = FCF8110D2BC1E92D005D3552 /* OutlookType.swift */; };
		FCF8111B2BC1EC87005D3552 /* OutlookProperties.swift in Sources */ = {isa = PBXBuildFile; fileRef = FCB4BBC12A48E36100738C3E /* OutlookProperties.swift */; };
		FCF8111C2BC1EC87005D3552 /* OutlookResponse.swift in Sources */ = {isa = PBXBuildFile; fileRef = FC09745D2A40D7A50058EBF7 /* OutlookResponse.swift */; };
		FCF811202BC1ED8C005D3552 /* WidgetLocation.swift in Sources */ = {isa = PBXBuildFile; fileRef = FCF8111E2BC1ED8C005D3552 /* WidgetLocation.swift */; };
		FCF811212BC1F0AD005D3552 /* Color.swift in Sources */ = {isa = PBXBuildFile; fileRef = FC21F5F029D9C8E800046C79 /* Color.swift */; };
		FCF811222BC1F0AD005D3552 /* Optional.swift in Sources */ = {isa = PBXBuildFile; fileRef = FC21F60F29E10BB000046C79 /* Optional.swift */; };
		FCF811242BC1F0AD005D3552 /* Button.swift in Sources */ = {isa = PBXBuildFile; fileRef = FCAC379A2B79A69200AEB3C8 /* Button.swift */; };
		FCF811252BC1F0AD005D3552 /* MKMapRect.swift in Sources */ = {isa = PBXBuildFile; fileRef = FC2668A02A5E5A0E00CA34DC /* MKMapRect.swift */; };
		FCF8112F2BC1F4B8005D3552 /* OutlookLegendIconView.swift in Sources */ = {isa = PBXBuildFile; fileRef = FCAC379C2B79ABB800AEB3C8 /* OutlookLegendIconView.swift */; };
		FCF912EE2BC0F61C005E5A44 /* WidgetKit.framework in Frameworks */ = {isa = PBXBuildFile; fileRef = FCF912ED2BC0F61C005E5A44 /* WidgetKit.framework */; };
		FCF912F02BC0F61C005E5A44 /* SwiftUI.framework in Frameworks */ = {isa = PBXBuildFile; fileRef = FCF912EF2BC0F61C005E5A44 /* SwiftUI.framework */; };
		FCF912F32BC0F61C005E5A44 /* RedzoneWidgets.swift in Sources */ = {isa = PBXBuildFile; fileRef = FCF912F22BC0F61C005E5A44 /* RedzoneWidgets.swift */; };
		FCF912F72BC0F61E005E5A44 /* Assets.xcassets in Resources */ = {isa = PBXBuildFile; fileRef = FCF912F62BC0F61E005E5A44 /* Assets.xcassets */; };
		FCF912FB2BC0F61E005E5A44 /* RedzoneWidgets.appex in Embed Foundation Extensions */ = {isa = PBXBuildFile; fileRef = FCF912EC2BC0F61C005E5A44 /* RedzoneWidgets.appex */; settings = {ATTRIBUTES = (RemoveHeadersOnCopy, ); }; };
		FCFCADE52A3CEE3100944D48 /* SettingsView.swift in Sources */ = {isa = PBXBuildFile; fileRef = FCFCADE42A3CEE3100944D48 /* SettingsView.swift */; };
		FCFCADE72A3CFA7000944D48 /* Localizable.xcstrings in Resources */ = {isa = PBXBuildFile; fileRef = FCFCADE62A3CFA7000944D48 /* Localizable.xcstrings */; };
/* End PBXBuildFile section */

/* Begin PBXContainerItemProxy section */
		FCA57D402B9F52F5008DDCE8 /* PBXContainerItemProxy */ = {
			isa = PBXContainerItemProxy;
			containerPortal = FC70F91929C29F9B006C5DAC /* Project object */;
			proxyType = 1;
			remoteGlobalIDString = FC70F92029C29F9B006C5DAC;
			remoteInfo = Redzone;
		};
		FCF912F92BC0F61E005E5A44 /* PBXContainerItemProxy */ = {
			isa = PBXContainerItemProxy;
			containerPortal = FC70F91929C29F9B006C5DAC /* Project object */;
			proxyType = 1;
			remoteGlobalIDString = FCF912EB2BC0F61C005E5A44;
			remoteInfo = RedzoneWidgetExtension;
		};
/* End PBXContainerItemProxy section */

/* Begin PBXCopyFilesBuildPhase section */
		FCF912FC2BC0F61E005E5A44 /* Embed Foundation Extensions */ = {
			isa = PBXCopyFilesBuildPhase;
			buildActionMask = 12;
			dstPath = "";
			dstSubfolderSpec = 13;
			files = (
				FCF912FB2BC0F61E005E5A44 /* RedzoneWidgets.appex in Embed Foundation Extensions */,
			);
			name = "Embed Foundation Extensions";
			runOnlyForDeploymentPostprocessing = 0;
		};
/* End PBXCopyFilesBuildPhase section */

/* Begin PBXFileReference section */
		FC09745D2A40D7A50058EBF7 /* OutlookResponse.swift */ = {isa = PBXFileReference; lastKnownFileType = sourcecode.swift; path = OutlookResponse.swift; sourceTree = "<group>"; };
		FC09745F2A40D8220058EBF7 /* OutlookService.swift */ = {isa = PBXFileReference; lastKnownFileType = sourcecode.swift; path = OutlookService.swift; sourceTree = "<group>"; };
		FC0EA31C2DE3D90300B3B8CC /* ClippedBackgroundModifier.swift */ = {isa = PBXFileReference; lastKnownFileType = sourcecode.swift; path = ClippedBackgroundModifier.swift; sourceTree = "<group>"; };
		FC0EA31E2DE3FF8200B3B8CC /* CommonURL.swift */ = {isa = PBXFileReference; lastKnownFileType = sourcecode.swift; path = CommonURL.swift; sourceTree = "<group>"; };
		FC0EA3212DE3FFA800B3B8CC /* AppStorageKeys.swift */ = {isa = PBXFileReference; lastKnownFileType = sourcecode.swift; path = AppStorageKeys.swift; sourceTree = "<group>"; };
		FC0EA3232DE3FFB300B3B8CC /* CodedAppStorage.swift */ = {isa = PBXFileReference; lastKnownFileType = sourcecode.swift; path = CodedAppStorage.swift; sourceTree = "<group>"; };
		FC0EA3252DE4067100B3B8CC /* SafetyLinksSection.swift */ = {isa = PBXFileReference; lastKnownFileType = sourcecode.swift; path = SafetyLinksSection.swift; sourceTree = "<group>"; };
		FC0EA3292DE4B40400B3B8CC /* Extensions.swift */ = {isa = PBXFileReference; lastKnownFileType = sourcecode.swift; path = Extensions.swift; sourceTree = "<group>"; };
		FC21F5F029D9C8E800046C79 /* Color.swift */ = {isa = PBXFileReference; lastKnownFileType = sourcecode.swift; path = Color.swift; sourceTree = "<group>"; };
		FC21F5F729D9F54A00046C79 /* AboutView.swift */ = {isa = PBXFileReference; lastKnownFileType = sourcecode.swift; path = AboutView.swift; sourceTree = "<group>"; };
		FC21F60F29E10BB000046C79 /* Optional.swift */ = {isa = PBXFileReference; lastKnownFileType = sourcecode.swift; path = Optional.swift; sourceTree = "<group>"; };
		FC21F61829E11CA800046C79 /* LoadingModifier.swift */ = {isa = PBXFileReference; lastKnownFileType = sourcecode.swift; path = LoadingModifier.swift; sourceTree = "<group>"; };
		FC21F62C29E1BA9800046C79 /* OutlookTypePicker.swift */ = {isa = PBXFileReference; lastKnownFileType = sourcecode.swift; path = OutlookTypePicker.swift; sourceTree = "<group>"; };
		FC21F62E29E1BB6A00046C79 /* BottomToolbar.swift */ = {isa = PBXFileReference; lastKnownFileType = sourcecode.swift; path = BottomToolbar.swift; sourceTree = "<group>"; };
		FC21F63229E1C84C00046C79 /* RiskDetailView.swift */ = {isa = PBXFileReference; lastKnownFileType = sourcecode.swift; path = RiskDetailView.swift; sourceTree = "<group>"; };
		FC21F63D29E1DE5700046C79 /* View.swift */ = {isa = PBXFileReference; lastKnownFileType = sourcecode.swift; path = View.swift; sourceTree = "<group>"; };
		FC2668972A5CFF4D00CA34DC /* MapStylePicker.swift */ = {isa = PBXFileReference; lastKnownFileType = sourcecode.swift; path = MapStylePicker.swift; sourceTree = "<group>"; };
		FC26689E2A5E386200CA34DC /* LocationService.swift */ = {isa = PBXFileReference; lastKnownFileType = sourcecode.swift; path = LocationService.swift; sourceTree = "<group>"; };
		FC2668A02A5E5A0E00CA34DC /* MKMapRect.swift */ = {isa = PBXFileReference; lastKnownFileType = sourcecode.swift; path = MKMapRect.swift; sourceTree = "<group>"; };
		FC2A89872C7C26D400EA0BCF /* GeoJSONFeature.swift */ = {isa = PBXFileReference; lastKnownFileType = sourcecode.swift; path = GeoJSONFeature.swift; sourceTree = "<group>"; };
		FC2A898A2C7C270900EA0BCF /* GeoJSONPolygon.swift */ = {isa = PBXFileReference; lastKnownFileType = sourcecode.swift; path = GeoJSONPolygon.swift; sourceTree = "<group>"; };
		FC2DE5562DF8A7600081DE27 /* RedzoneGlass.icon */ = {isa = PBXFileReference; lastKnownFileType = folder.iconcomposer.icon; path = RedzoneGlass.icon; sourceTree = "<group>"; };
		FC31727B2C8003CD005281F6 /* SwiftUI.framework */ = {isa = PBXFileReference; lastKnownFileType = wrapper.framework; name = SwiftUI.framework; path = Platforms/WatchOS.platform/Developer/SDKs/WatchOS10.5.sdk/System/Library/Frameworks/SwiftUI.framework; sourceTree = DEVELOPER_DIR; };
		FC31727D2C8003D1005281F6 /* MapKit.framework */ = {isa = PBXFileReference; lastKnownFileType = wrapper.framework; name = MapKit.framework; path = Platforms/WatchOS.platform/Developer/SDKs/WatchOS10.5.sdk/System/Library/Frameworks/MapKit.framework; sourceTree = DEVELOPER_DIR; };
		FC3172962C800474005281F6 /* MapViewStyle.swift */ = {isa = PBXFileReference; lastKnownFileType = sourcecode.swift; path = MapViewStyle.swift; sourceTree = "<group>"; };
		FC44E04D2A35713400A9925D /* Redzone-Info.plist */ = {isa = PBXFileReference; lastKnownFileType = text.plist; path = "Redzone-Info.plist"; sourceTree = "<group>"; };
		FC54AFA72BDEBB6A00D559C0 /* CLLocationCoordinate2D.swift */ = {isa = PBXFileReference; lastKnownFileType = sourcecode.swift; path = CLLocationCoordinate2D.swift; sourceTree = "<group>"; };
		FC5504362DE509C6000F3AE5 /* Redzone.debug.xcconfig */ = {isa = PBXFileReference; lastKnownFileType = text.xcconfig; path = Redzone.debug.xcconfig; sourceTree = "<group>"; };
		FC5504372DE50ABE000F3AE5 /* Redzone.base.xcconfig */ = {isa = PBXFileReference; lastKnownFileType = text.xcconfig; path = Redzone.base.xcconfig; sourceTree = "<group>"; };
		FC5504382DE50AD0000F3AE5 /* Redzone.release.xcconfig */ = {isa = PBXFileReference; lastKnownFileType = text.xcconfig; path = Redzone.release.xcconfig; sourceTree = "<group>"; };
		FC55043B2DE51208000F3AE5 /* PrivacyInfo.xcprivacy */ = {isa = PBXFileReference; lastKnownFileType = text.xml; path = PrivacyInfo.xcprivacy; sourceTree = "<group>"; };
		FC6DD71C2DB31390002BB563 /* DisclaimerView.swift */ = {isa = PBXFileReference; lastKnownFileType = sourcecode.swift; path = DisclaimerView.swift; sourceTree = "<group>"; };
		FC6DD71F2DB34CC7002BB563 /* LabelledLink.swift */ = {isa = PBXFileReference; lastKnownFileType = sourcecode.swift; path = LabelledLink.swift; sourceTree = "<group>"; };
		FC70F92129C29F9B006C5DAC /* Redzone.app */ = {isa = PBXFileReference; explicitFileType = wrapper.application; includeInIndex = 0; path = Redzone.app; sourceTree = BUILT_PRODUCTS_DIR; };
		FC70F92429C29F9B006C5DAC /* Redzone.swift */ = {isa = PBXFileReference; lastKnownFileType = sourcecode.swift; path = Redzone.swift; sourceTree = "<group>"; };
		FC70F92629C29F9B006C5DAC /* ContentView.swift */ = {isa = PBXFileReference; lastKnownFileType = sourcecode.swift; path = ContentView.swift; sourceTree = "<group>"; };
		FC70F92829C29F9D006C5DAC /* Assets.xcassets */ = {isa = PBXFileReference; lastKnownFileType = folder.assetcatalog; path = Assets.xcassets; sourceTree = "<group>"; };
		FC7A56742C7176E5002DDBEB /* Main.xctestplan */ = {isa = PBXFileReference; lastKnownFileType = text; path = Main.xctestplan; sourceTree = "<group>"; };
		FC82317A2DE211BF00492461 /* String.swift */ = {isa = PBXFileReference; lastKnownFileType = sourcecode.swift; path = String.swift; sourceTree = "<group>"; };
		FCA57D3C2B9F52F5008DDCE8 /* RedzoneTests.xctest */ = {isa = PBXFileReference; explicitFileType = wrapper.cfbundle; includeInIndex = 0; path = RedzoneTests.xctest; sourceTree = BUILT_PRODUCTS_DIR; };
		FCA57D3E2B9F52F5008DDCE8 /* ExtensionTests.swift */ = {isa = PBXFileReference; lastKnownFileType = sourcecode.swift; path = ExtensionTests.swift; sourceTree = "<group>"; };
		FCAB72C52BC3702E00E41256 /* CategoricalGaugeView.swift */ = {isa = PBXFileReference; lastKnownFileType = sourcecode.swift; path = CategoricalGaugeView.swift; sourceTree = "<group>"; };
		FCAB72C72BC370F900E41256 /* NoSevereView.swift */ = {isa = PBXFileReference; lastKnownFileType = sourcecode.swift; path = NoSevereView.swift; sourceTree = "<group>"; };
		FCAB72C92BC3714800E41256 /* WidgetErrorView.swift */ = {isa = PBXFileReference; lastKnownFileType = sourcecode.swift; path = WidgetErrorView.swift; sourceTree = "<group>"; };
		FCAB72CF2BC3748400E41256 /* OutlookDay.swift */ = {isa = PBXFileReference; lastKnownFileType = sourcecode.swift; path = OutlookDay.swift; sourceTree = "<group>"; };
		FCAB72D12BC3752800E41256 /* OutlookDayConfigurationIntent.swift */ = {isa = PBXFileReference; lastKnownFileType = sourcecode.swift; path = OutlookDayConfigurationIntent.swift; sourceTree = "<group>"; };
		FCAB72D32BC37A7E00E41256 /* DayLabel.swift */ = {isa = PBXFileReference; lastKnownFileType = sourcecode.swift; path = DayLabel.swift; sourceTree = "<group>"; };
		FCAB72F02BC4E7CA00E41256 /* Redzone.entitlements */ = {isa = PBXFileReference; lastKnownFileType = text.plist.entitlements; path = Redzone.entitlements; sourceTree = "<group>"; };
		FCAB72F12BC4E7ED00E41256 /* RedzoneWidgets.entitlements */ = {isa = PBXFileReference; lastKnownFileType = text.plist.entitlements; path = RedzoneWidgets.entitlements; sourceTree = "<group>"; };
		FCAC378F2B75C88300AEB3C8 /* MapStyleModifier.swift */ = {isa = PBXFileReference; lastKnownFileType = sourcecode.swift; path = MapStyleModifier.swift; sourceTree = "<group>"; };
		FCAC37912B76C2DD00AEB3C8 /* DismissButton.swift */ = {isa = PBXFileReference; lastKnownFileType = sourcecode.swift; path = DismissButton.swift; sourceTree = "<group>"; };
		FCAC37942B78793600AEB3C8 /* AboutCategoricalRiskView.swift */ = {isa = PBXFileReference; lastKnownFileType = sourcecode.swift; path = AboutCategoricalRiskView.swift; sourceTree = "<group>"; };
		FCAC37962B7879C300AEB3C8 /* PercentageRiskDetailView.swift */ = {isa = PBXFileReference; lastKnownFileType = sourcecode.swift; path = PercentageRiskDetailView.swift; sourceTree = "<group>"; };
		FCAC37982B787A0F00AEB3C8 /* RiskLevelLinksView.swift */ = {isa = PBXFileReference; lastKnownFileType = sourcecode.swift; path = RiskLevelLinksView.swift; sourceTree = "<group>"; };
		FCAC379A2B79A69200AEB3C8 /* Button.swift */ = {isa = PBXFileReference; lastKnownFileType = sourcecode.swift; path = Button.swift; sourceTree = "<group>"; };
		FCAC379C2B79ABB800AEB3C8 /* OutlookLegendIconView.swift */ = {isa = PBXFileReference; lastKnownFileType = sourcecode.swift; path = OutlookLegendIconView.swift; sourceTree = "<group>"; };
		FCAC379E2B79AC3100AEB3C8 /* SigSevLegendIconView.swift */ = {isa = PBXFileReference; lastKnownFileType = sourcecode.swift; path = SigSevLegendIconView.swift; sourceTree = "<group>"; };
		FCAC37A02B79B4B700AEB3C8 /* MapMultiPolygon.swift */ = {isa = PBXFileReference; lastKnownFileType = sourcecode.swift; path = MapMultiPolygon.swift; sourceTree = "<group>"; };
		FCB2C72A2C7EE22A00F01C81 /* OutlookProvider.swift */ = {isa = PBXFileReference; fileEncoding = 4; lastKnownFileType = sourcecode.swift; path = OutlookProvider.swift; sourceTree = "<group>"; };
		FCB2C72E2C7EE49B00F01C81 /* DateLabel.swift */ = {isa = PBXFileReference; fileEncoding = 4; lastKnownFileType = sourcecode.swift; path = DateLabel.swift; sourceTree = "<group>"; };
		FCB2C7352C7EE59800F01C81 /* UnsupportedWidgetFamilyView.swift */ = {isa = PBXFileReference; fileEncoding = 4; lastKnownFileType = sourcecode.swift; path = UnsupportedWidgetFamilyView.swift; sourceTree = "<group>"; };
		FCB386F92A57A6C300C10FFB /* OutlookSeverity.swift */ = {isa = PBXFileReference; fileEncoding = 4; lastKnownFileType = sourcecode.swift; path = OutlookSeverity.swift; sourceTree = "<group>"; };
		FCB386FC2A57A9B000C10FFB /* OutlookMapView.swift */ = {isa = PBXFileReference; lastKnownFileType = sourcecode.swift; path = OutlookMapView.swift; sourceTree = "<group>"; };
		FCB4BBB82A48E12900738C3E /* MapKit.framework */ = {isa = PBXFileReference; lastKnownFileType = wrapper.framework; name = MapKit.framework; path = System/Library/Frameworks/MapKit.framework; sourceTree = SDKROOT; };
		FCB4BBC12A48E36100738C3E /* OutlookProperties.swift */ = {isa = PBXFileReference; lastKnownFileType = sourcecode.swift; path = OutlookProperties.swift; sourceTree = "<group>"; };
		FCB4BBC52A48F93300738C3E /* TappedOutlook.swift */ = {isa = PBXFileReference; lastKnownFileType = sourcecode.swift; path = TappedOutlook.swift; sourceTree = "<group>"; };
		FCB4BBC72A4919E600738C3E /* ErrorView.swift */ = {isa = PBXFileReference; lastKnownFileType = sourcecode.swift; path = ErrorView.swift; sourceTree = "<group>"; };
		FCC6D5A42C7ED48300B161D5 /* Context.swift */ = {isa = PBXFileReference; fileEncoding = 4; lastKnownFileType = sourcecode.swift; path = Context.swift; sourceTree = "<group>"; };
		FCC6D5A82C7ED4FA00B161D5 /* Collection.swift */ = {isa = PBXFileReference; fileEncoding = 4; lastKnownFileType = sourcecode.swift; path = Collection.swift; sourceTree = "<group>"; };
		FCC6D5A92C7ED4FA00B161D5 /* Bool.swift */ = {isa = PBXFileReference; fileEncoding = 4; lastKnownFileType = sourcecode.swift; path = Bool.swift; sourceTree = "<group>"; };
		FCC6D5B42C7ED8A500B161D5 /* View.swift */ = {isa = PBXFileReference; fileEncoding = 4; lastKnownFileType = sourcecode.swift; path = View.swift; sourceTree = "<group>"; };
		FCC6D5B62C7ED8A500B161D5 /* AppIntentTimelineProvider.swift */ = {isa = PBXFileReference; fileEncoding = 4; lastKnownFileType = sourcecode.swift; path = AppIntentTimelineProvider.swift; sourceTree = "<group>"; };
		FCC6D5B72C7ED8A500B161D5 /* Timeline.swift */ = {isa = PBXFileReference; fileEncoding = 4; lastKnownFileType = sourcecode.swift; path = Timeline.swift; sourceTree = "<group>"; };
		FCC6D5B82C7ED8A500B161D5 /* TimelineReloadPolicy.swift */ = {isa = PBXFileReference; fileEncoding = 4; lastKnownFileType = sourcecode.swift; path = TimelineReloadPolicy.swift; sourceTree = "<group>"; };
		FCC6D5B92C7ED8A500B161D5 /* WidgetFamily.swift */ = {isa = PBXFileReference; fileEncoding = 4; lastKnownFileType = sourcecode.swift; path = WidgetFamily.swift; sourceTree = "<group>"; };
		FCC6D5C12C7ED8BD00B161D5 /* WidgetFoundation.swift */ = {isa = PBXFileReference; fileEncoding = 4; lastKnownFileType = sourcecode.swift; path = WidgetFoundation.swift; sourceTree = "<group>"; };
		FCD0374F2BC4EE8F00986EC3 /* Logger.swift */ = {isa = PBXFileReference; lastKnownFileType = sourcecode.swift; path = Logger.swift; sourceTree = "<group>"; };
		FCDA91532A3E5123003FFD84 /* SafariServices.framework */ = {isa = PBXFileReference; lastKnownFileType = wrapper.framework; name = SafariServices.framework; path = System/Library/Frameworks/SafariServices.framework; sourceTree = SDKROOT; };
		FCE29F2B2CAE3BDA00056693 /* ConvectiveRiskWidget.swift */ = {isa = PBXFileReference; lastKnownFileType = sourcecode.swift; path = ConvectiveRiskWidget.swift; sourceTree = "<group>"; };
		FCE29F2D2CAE3BF800056693 /* ConvectiveRiskWidgetEntryView.swift */ = {isa = PBXFileReference; lastKnownFileType = sourcecode.swift; path = ConvectiveRiskWidgetEntryView.swift; sourceTree = "<group>"; };
		FCE29F332CAE3E7100056693 /* CategoricalOutlookWidgetEntryView.swift */ = {isa = PBXFileReference; lastKnownFileType = sourcecode.swift; path = CategoricalOutlookWidgetEntryView.swift; sourceTree = "<group>"; };
		FCE29F392CAE3E7100056693 /* RiskBreakdownWidgetEntryView.swift */ = {isa = PBXFileReference; lastKnownFileType = sourcecode.swift; path = RiskBreakdownWidgetEntryView.swift; sourceTree = "<group>"; };
		FCE29F422CAE3EBE00056693 /* CombinedRiskWidgetEntryView.swift */ = {isa = PBXFileReference; lastKnownFileType = sourcecode.swift; path = CombinedRiskWidgetEntryView.swift; sourceTree = "<group>"; };
		FCE29F462CAE425C00056693 /* CombinedRisks.swift */ = {isa = PBXFileReference; lastKnownFileType = sourcecode.swift; path = CombinedRisks.swift; sourceTree = "<group>"; };
		FCF8110D2BC1E92D005D3552 /* OutlookType.swift */ = {isa = PBXFileReference; lastKnownFileType = sourcecode.swift; path = OutlookType.swift; sourceTree = "<group>"; };
		FCF811102BC1E952005D3552 /* OutlookFetcher.swift */ = {isa = PBXFileReference; lastKnownFileType = sourcecode.swift; path = OutlookFetcher.swift; sourceTree = "<group>"; };
		FCF811142BC1EA66005D3552 /* OutlookFetcherError.swift */ = {isa = PBXFileReference; lastKnownFileType = sourcecode.swift; path = OutlookFetcherError.swift; sourceTree = "<group>"; };
		FCF8111E2BC1ED8C005D3552 /* WidgetLocation.swift */ = {isa = PBXFileReference; lastKnownFileType = sourcecode.swift; path = WidgetLocation.swift; sourceTree = "<group>"; };
		FCF912EC2BC0F61C005E5A44 /* RedzoneWidgets.appex */ = {isa = PBXFileReference; explicitFileType = "wrapper.app-extension"; includeInIndex = 0; path = RedzoneWidgets.appex; sourceTree = BUILT_PRODUCTS_DIR; };
		FCF912ED2BC0F61C005E5A44 /* WidgetKit.framework */ = {isa = PBXFileReference; lastKnownFileType = wrapper.framework; name = WidgetKit.framework; path = System/Library/Frameworks/WidgetKit.framework; sourceTree = SDKROOT; };
		FCF912EF2BC0F61C005E5A44 /* SwiftUI.framework */ = {isa = PBXFileReference; lastKnownFileType = wrapper.framework; name = SwiftUI.framework; path = System/Library/Frameworks/SwiftUI.framework; sourceTree = SDKROOT; };
		FCF912F22BC0F61C005E5A44 /* RedzoneWidgets.swift */ = {isa = PBXFileReference; lastKnownFileType = sourcecode.swift; path = RedzoneWidgets.swift; sourceTree = "<group>"; };
		FCF912F62BC0F61E005E5A44 /* Assets.xcassets */ = {isa = PBXFileReference; lastKnownFileType = folder.assetcatalog; path = Assets.xcassets; sourceTree = "<group>"; };
		FCF912F82BC0F61E005E5A44 /* Info.plist */ = {isa = PBXFileReference; lastKnownFileType = text.plist.xml; path = Info.plist; sourceTree = "<group>"; };
		FCFCADE42A3CEE3100944D48 /* SettingsView.swift */ = {isa = PBXFileReference; lastKnownFileType = sourcecode.swift; path = SettingsView.swift; sourceTree = "<group>"; };
		FCFCADE62A3CFA7000944D48 /* Localizable.xcstrings */ = {isa = PBXFileReference; lastKnownFileType = text.json.xcstrings; path = Localizable.xcstrings; sourceTree = "<group>"; };
/* End PBXFileReference section */

/* Begin PBXFrameworksBuildPhase section */
		FC70F91E29C29F9B006C5DAC /* Frameworks */ = {
			isa = PBXFrameworksBuildPhase;
			buildActionMask = 2147483647;
			files = (
				FCB2C72D2C7EE24900F01C81 /* SwiftUI.framework in Frameworks */,
				FCB2C7272C7EE1E800F01C81 /* GeoJSON in Frameworks */,
				FCB4BBB92A48E12900738C3E /* MapKit.framework in Frameworks */,
				FCDA91542A3E5123003FFD84 /* SafariServices.framework in Frameworks */,
			);
			runOnlyForDeploymentPostprocessing = 0;
		};
		FCA57D392B9F52F5008DDCE8 /* Frameworks */ = {
			isa = PBXFrameworksBuildPhase;
			buildActionMask = 2147483647;
			files = (
			);
			runOnlyForDeploymentPostprocessing = 0;
		};
		FCF912E92BC0F61C005E5A44 /* Frameworks */ = {
			isa = PBXFrameworksBuildPhase;
			buildActionMask = 2147483647;
			files = (
				FCB2C7292C7EE1F400F01C81 /* GeoJSON in Frameworks */,
				FCF912F02BC0F61C005E5A44 /* SwiftUI.framework in Frameworks */,
				FCF912EE2BC0F61C005E5A44 /* WidgetKit.framework in Frameworks */,
			);
			runOnlyForDeploymentPostprocessing = 0;
		};
/* End PBXFrameworksBuildPhase section */

/* Begin PBXGroup section */
		FC0EA32E2DE4B4F600B3B8CC /* Core */ = {
			isa = PBXGroup;
			children = (
				FCD0374F2BC4EE8F00986EC3 /* Logger.swift */,
				FC0EA31E2DE3FF8200B3B8CC /* CommonURL.swift */,
			);
			path = Core;
			sourceTree = "<group>";
		};
		FC0EA32F2DE4B50000B3B8CC /* OutlookFetcher */ = {
			isa = PBXGroup;
			children = (
				FCF811102BC1E952005D3552 /* OutlookFetcher.swift */,
				FCF811142BC1EA66005D3552 /* OutlookFetcherError.swift */,
			);
			path = OutlookFetcher;
			sourceTree = "<group>";
		};
		FC21F5F629D9F37D00046C79 /* Extensions */ = {
			isa = PBXGroup;
			children = (
				FC2A89862C7C26CB00EA0BCF /* GeoJSON */,
				FC54AFA62BDEBB5F00D559C0 /* CoreLocation */,
				FC21F62629E1BA0D00046C79 /* SwiftUI */,
				FC21F62529E1B9FE00046C79 /* MapKit */,
				FC21F62A29E1BA6400046C79 /* Foundation */,
			);
			path = Extensions;
			sourceTree = "<group>";
		};
		FC21F61429E11C5600046C79 /* Views */ = {
			isa = PBXGroup;
			children = (
				FC6DD71E2DB34CC2002BB563 /* Common */,
				FCAC37932B78790E00AEB3C8 /* About */,
				FC21F63F29E1DF5000046C79 /* Pickers */,
				FCB386FB2A57A99B00C10FFB /* Map */,
				FC21F62E29E1BB6A00046C79 /* BottomToolbar.swift */,
				FC21F63229E1C84C00046C79 /* RiskDetailView.swift */,
				FCFCADE42A3CEE3100944D48 /* SettingsView.swift */,
				FCB4BBC72A4919E600738C3E /* ErrorView.swift */,
				FCAC37912B76C2DD00AEB3C8 /* DismissButton.swift */,
				FCAC379E2B79AC3100AEB3C8 /* SigSevLegendIconView.swift */,
			);
			path = Views;
			sourceTree = "<group>";
		};
		FC21F61729E11C9F00046C79 /* Modifiers */ = {
			isa = PBXGroup;
			children = (
				FC0EA31C2DE3D90300B3B8CC /* ClippedBackgroundModifier.swift */,
				FC21F61829E11CA800046C79 /* LoadingModifier.swift */,
				FCAC378F2B75C88300AEB3C8 /* MapStyleModifier.swift */,
			);
			path = Modifiers;
			sourceTree = "<group>";
		};
		FC21F61A29E11FCA00046C79 /* Services */ = {
			isa = PBXGroup;
			children = (
				FC09745F2A40D8220058EBF7 /* OutlookService.swift */,
				FC26689E2A5E386200CA34DC /* LocationService.swift */,
				FCC6D5A42C7ED48300B161D5 /* Context.swift */,
			);
			path = Services;
			sourceTree = "<group>";
		};
		FC21F62529E1B9FE00046C79 /* MapKit */ = {
			isa = PBXGroup;
			children = (
				FC2668A02A5E5A0E00CA34DC /* MKMapRect.swift */,
			);
			path = MapKit;
			sourceTree = "<group>";
		};
		FC21F62629E1BA0D00046C79 /* SwiftUI */ = {
			isa = PBXGroup;
			children = (
				FC21F5F029D9C8E800046C79 /* Color.swift */,
				FC21F63D29E1DE5700046C79 /* View.swift */,
				FCAC379A2B79A69200AEB3C8 /* Button.swift */,
			);
			path = SwiftUI;
			sourceTree = "<group>";
		};
		FC21F62A29E1BA6400046C79 /* Foundation */ = {
			isa = PBXGroup;
			children = (
				FC82317A2DE211BF00492461 /* String.swift */,
				FC21F60F29E10BB000046C79 /* Optional.swift */,
				FCC6D5A92C7ED4FA00B161D5 /* Bool.swift */,
				FCC6D5A82C7ED4FA00B161D5 /* Collection.swift */,
			);
			path = Foundation;
			sourceTree = "<group>";
		};
		FC21F63F29E1DF5000046C79 /* Pickers */ = {
			isa = PBXGroup;
			children = (
				FC21F62C29E1BA9800046C79 /* OutlookTypePicker.swift */,
				FC2668972A5CFF4D00CA34DC /* MapStylePicker.swift */,
			);
			path = Pickers;
			sourceTree = "<group>";
		};
		FC26689D2A5D032300CA34DC /* Core */ = {
			isa = PBXGroup;
			children = (
				FC0EA3232DE3FFB300B3B8CC /* CodedAppStorage.swift */,
				FC0EA3212DE3FFA800B3B8CC /* AppStorageKeys.swift */,
				FC70F92429C29F9B006C5DAC /* Redzone.swift */,
				FC70F92629C29F9B006C5DAC /* ContentView.swift */,
				FC0EA3292DE4B40400B3B8CC /* Extensions.swift */,
			);
			path = Core;
			sourceTree = "<group>";
		};
		FC2A89862C7C26CB00EA0BCF /* GeoJSON */ = {
			isa = PBXGroup;
			children = (
				FC2A89872C7C26D400EA0BCF /* GeoJSONFeature.swift */,
				FC2A898A2C7C270900EA0BCF /* GeoJSONPolygon.swift */,
			);
			path = GeoJSON;
			sourceTree = "<group>";
		};
		FC4897E329F5890C0045E761 /* Frameworks */ = {
			isa = PBXGroup;
			children = (
				FC31727D2C8003D1005281F6 /* MapKit.framework */,
				FC31727B2C8003CD005281F6 /* SwiftUI.framework */,
				FCB4BBB82A48E12900738C3E /* MapKit.framework */,
				FCDA91532A3E5123003FFD84 /* SafariServices.framework */,
				FCF912ED2BC0F61C005E5A44 /* WidgetKit.framework */,
				FCF912EF2BC0F61C005E5A44 /* SwiftUI.framework */,
			);
			name = Frameworks;
			sourceTree = "<group>";
		};
		FC54AFA62BDEBB5F00D559C0 /* CoreLocation */ = {
			isa = PBXGroup;
			children = (
				FC54AFA72BDEBB6A00D559C0 /* CLLocationCoordinate2D.swift */,
			);
			path = CoreLocation;
			sourceTree = "<group>";
		};
		FC55043A2DE50F06000F3AE5 /* Intents */ = {
			isa = PBXGroup;
			children = (
				FCAB72D12BC3752800E41256 /* OutlookDayConfigurationIntent.swift */,
			);
			path = Intents;
			sourceTree = "<group>";
		};
		FC6DD71E2DB34CC2002BB563 /* Common */ = {
			isa = PBXGroup;
			children = (
				FC0EA3252DE4067100B3B8CC /* SafetyLinksSection.swift */,
				FC6DD71F2DB34CC7002BB563 /* LabelledLink.swift */,
			);
			path = Common;
			sourceTree = "<group>";
		};
		FC70F91829C29F9B006C5DAC = {
			isa = PBXGroup;
			children = (
				FC7A56742C7176E5002DDBEB /* Main.xctestplan */,
				FCF8110C2BC1E917005D3552 /* Shared */,
				FC44E04D2A35713400A9925D /* Redzone-Info.plist */,
				FC70F92329C29F9B006C5DAC /* Redzone */,
				FCA57D3D2B9F52F5008DDCE8 /* RedzoneTests */,
				FCF912F12BC0F61C005E5A44 /* RedzoneWidgets */,
				FC70F92229C29F9B006C5DAC /* Products */,
				FC4897E329F5890C0045E761 /* Frameworks */,
				FC5504362DE509C6000F3AE5 /* Redzone.debug.xcconfig */,
				FC5504372DE50ABE000F3AE5 /* Redzone.base.xcconfig */,
				FC5504382DE50AD0000F3AE5 /* Redzone.release.xcconfig */,
			);
			sourceTree = "<group>";
		};
		FC70F92229C29F9B006C5DAC /* Products */ = {
			isa = PBXGroup;
			children = (
				FC70F92129C29F9B006C5DAC /* Redzone.app */,
				FCA57D3C2B9F52F5008DDCE8 /* RedzoneTests.xctest */,
				FCF912EC2BC0F61C005E5A44 /* RedzoneWidgets.appex */,
			);
			name = Products;
			sourceTree = "<group>";
		};
		FC70F92329C29F9B006C5DAC /* Redzone */ = {
			isa = PBXGroup;
			children = (
				FC55043B2DE51208000F3AE5 /* PrivacyInfo.xcprivacy */,
				FCAB72F02BC4E7CA00E41256 /* Redzone.entitlements */,
				FC21F61A29E11FCA00046C79 /* Services */,
				FC21F61729E11C9F00046C79 /* Modifiers */,
				FC21F61429E11C5600046C79 /* Views */,
				FC26689D2A5D032300CA34DC /* Core */,
				FC70F92829C29F9D006C5DAC /* Assets.xcassets */,
				FC2DE5562DF8A7600081DE27 /* RedzoneGlass.icon */,
				FCFCADE62A3CFA7000944D48 /* Localizable.xcstrings */,
			);
			path = Redzone;
			sourceTree = "<group>";
		};
		FCA57D3D2B9F52F5008DDCE8 /* RedzoneTests */ = {
			isa = PBXGroup;
			children = (
				FCA57D3E2B9F52F5008DDCE8 /* ExtensionTests.swift */,
			);
			path = RedzoneTests;
			sourceTree = "<group>";
		};
		FCAB72C42BC3702000E41256 /* Common Views */ = {
			isa = PBXGroup;
			children = (
				FCB2C72E2C7EE49B00F01C81 /* DateLabel.swift */,
				FCAB72C52BC3702E00E41256 /* CategoricalGaugeView.swift */,
				FCAB72C72BC370F900E41256 /* NoSevereView.swift */,
				FCAB72C92BC3714800E41256 /* WidgetErrorView.swift */,
				FCB2C7352C7EE59800F01C81 /* UnsupportedWidgetFamilyView.swift */,
				FCAB72D32BC37A7E00E41256 /* DayLabel.swift */,
			);
			path = "Common Views";
			sourceTree = "<group>";
		};
		FCAC37932B78790E00AEB3C8 /* About */ = {
			isa = PBXGroup;
			children = (
				FC6DD71C2DB31390002BB563 /* DisclaimerView.swift */,
				FC21F5F729D9F54A00046C79 /* AboutView.swift */,
				FCAC37962B7879C300AEB3C8 /* PercentageRiskDetailView.swift */,
				FCAC37942B78793600AEB3C8 /* AboutCategoricalRiskView.swift */,
				FCAC37982B787A0F00AEB3C8 /* RiskLevelLinksView.swift */,
			);
			path = About;
			sourceTree = "<group>";
		};
		FCB2C72B2C7EE22A00F01C81 /* Providers */ = {
			isa = PBXGroup;
			children = (
				FCB2C72A2C7EE22A00F01C81 /* OutlookProvider.swift */,
			);
			path = Providers;
			sourceTree = "<group>";
		};
		FCB386FB2A57A99B00C10FFB /* Map */ = {
			isa = PBXGroup;
			children = (
				FCB386FC2A57A9B000C10FFB /* OutlookMapView.swift */,
				FCAC37A02B79B4B700AEB3C8 /* MapMultiPolygon.swift */,
			);
			path = Map;
			sourceTree = "<group>";
		};
		FCC6D5B52C7ED8A500B161D5 /* SwiftUI */ = {
			isa = PBXGroup;
			children = (
				FCC6D5B42C7ED8A500B161D5 /* View.swift */,
			);
			path = SwiftUI;
			sourceTree = "<group>";
		};
		FCC6D5BA2C7ED8A500B161D5 /* WidgetKit */ = {
			isa = PBXGroup;
			children = (
				FCC6D5B62C7ED8A500B161D5 /* AppIntentTimelineProvider.swift */,
				FCC6D5B72C7ED8A500B161D5 /* Timeline.swift */,
				FCC6D5B82C7ED8A500B161D5 /* TimelineReloadPolicy.swift */,
				FCC6D5B92C7ED8A500B161D5 /* WidgetFamily.swift */,
			);
			path = WidgetKit;
			sourceTree = "<group>";
		};
		FCC6D5BB2C7ED8A500B161D5 /* Extensions */ = {
			isa = PBXGroup;
			children = (
				FCC6D5B52C7ED8A500B161D5 /* SwiftUI */,
				FCC6D5BA2C7ED8A500B161D5 /* WidgetKit */,
			);
			path = Extensions;
			sourceTree = "<group>";
		};
		FCE29F2A2CAE3BCC00056693 /* ConvectiveRiskWidget */ = {
			isa = PBXGroup;
			children = (
				FCE29F2D2CAE3BF800056693 /* ConvectiveRiskWidgetEntryView.swift */,
				FCE29F2B2CAE3BDA00056693 /* ConvectiveRiskWidget.swift */,
			);
			path = ConvectiveRiskWidget;
			sourceTree = "<group>";
		};
		FCE29F342CAE3E7100056693 /* CategoricalOutlookWidget */ = {
			isa = PBXGroup;
			children = (
				FCE29F332CAE3E7100056693 /* CategoricalOutlookWidgetEntryView.swift */,
			);
			path = CategoricalOutlookWidget;
			sourceTree = "<group>";
		};
		FCE29F3A2CAE3E7100056693 /* RiskBreakdownWidget */ = {
			isa = PBXGroup;
			children = (
				FCE29F392CAE3E7100056693 /* RiskBreakdownWidgetEntryView.swift */,
			);
			path = RiskBreakdownWidget;
			sourceTree = "<group>";
		};
		FCE29F432CAE3EBE00056693 /* CombinedRiskWidget */ = {
			isa = PBXGroup;
			children = (
				FCE29F422CAE3EBE00056693 /* CombinedRiskWidgetEntryView.swift */,
			);
			path = CombinedRiskWidget;
			sourceTree = "<group>";
		};
		FCF8110C2BC1E917005D3552 /* Shared */ = {
			isa = PBXGroup;
			children = (
				FC55043A2DE50F06000F3AE5 /* Intents */,
				FC0EA32F2DE4B50000B3B8CC /* OutlookFetcher */,
				FC0EA32E2DE4B4F600B3B8CC /* Core */,
				FCF8112E2BC1F4A7005D3552 /* Views */,
				FC21F5F629D9F37D00046C79 /* Extensions */,
				FCF811172BC1EC77005D3552 /* Models */,
			);
			path = Shared;
			sourceTree = "<group>";
		};
		FCF811172BC1EC77005D3552 /* Models */ = {
			isa = PBXGroup;
			children = (
				FCAB72CF2BC3748400E41256 /* OutlookDay.swift */,
				FCF8110D2BC1E92D005D3552 /* OutlookType.swift */,
				FC09745D2A40D7A50058EBF7 /* OutlookResponse.swift */,
				FCB4BBC12A48E36100738C3E /* OutlookProperties.swift */,
				FCB386F92A57A6C300C10FFB /* OutlookSeverity.swift */,
				FC3172962C800474005281F6 /* MapViewStyle.swift */,
				FCB4BBC52A48F93300738C3E /* TappedOutlook.swift */,
			);
			path = Models;
			sourceTree = "<group>";
		};
		FCF8112E2BC1F4A7005D3552 /* Views */ = {
			isa = PBXGroup;
			children = (
				FCAC379C2B79ABB800AEB3C8 /* OutlookLegendIconView.swift */,
			);
			path = Views;
			sourceTree = "<group>";
		};
		FCF912F12BC0F61C005E5A44 /* RedzoneWidgets */ = {
			isa = PBXGroup;
			children = (
				FCE29F462CAE425C00056693 /* CombinedRisks.swift */,
				FCE29F432CAE3EBE00056693 /* CombinedRiskWidget */,
				FCE29F342CAE3E7100056693 /* CategoricalOutlookWidget */,
				FCE29F3A2CAE3E7100056693 /* RiskBreakdownWidget */,
				FCE29F2A2CAE3BCC00056693 /* ConvectiveRiskWidget */,
				FCAB72F12BC4E7ED00E41256 /* RedzoneWidgets.entitlements */,
				FCB2C72B2C7EE22A00F01C81 /* Providers */,
				FCC6D5BB2C7ED8A500B161D5 /* Extensions */,
				FCAB72C42BC3702000E41256 /* Common Views */,
				FCF912F22BC0F61C005E5A44 /* RedzoneWidgets.swift */,
				FCC6D5C12C7ED8BD00B161D5 /* WidgetFoundation.swift */,
				FCF912F62BC0F61E005E5A44 /* Assets.xcassets */,
				FCF912F82BC0F61E005E5A44 /* Info.plist */,
				FCF8111E2BC1ED8C005D3552 /* WidgetLocation.swift */,
			);
			path = RedzoneWidgets;
			sourceTree = "<group>";
		};
/* End PBXGroup section */

/* Begin PBXNativeTarget section */
		FC70F92029C29F9B006C5DAC /* Redzone */ = {
			isa = PBXNativeTarget;
			buildConfigurationList = FC70F92F29C29F9D006C5DAC /* Build configuration list for PBXNativeTarget "Redzone" */;
			buildPhases = (
				FC70F91D29C29F9B006C5DAC /* Sources */,
				FC70F91E29C29F9B006C5DAC /* Frameworks */,
				FC70F91F29C29F9B006C5DAC /* Resources */,
				FCF912FC2BC0F61E005E5A44 /* Embed Foundation Extensions */,
			);
			buildRules = (
			);
			dependencies = (
				FCF912FA2BC0F61E005E5A44 /* PBXTargetDependency */,
			);
			name = Redzone;
			packageProductDependencies = (
				FCB2C7262C7EE1E800F01C81 /* GeoJSON */,
			);
			productName = SPC;
			productReference = FC70F92129C29F9B006C5DAC /* Redzone.app */;
			productType = "com.apple.product-type.application";
		};
		FCA57D3B2B9F52F5008DDCE8 /* RedzoneTests */ = {
			isa = PBXNativeTarget;
			buildConfigurationList = FCA57D442B9F52F5008DDCE8 /* Build configuration list for PBXNativeTarget "RedzoneTests" */;
			buildPhases = (
				FCA57D382B9F52F5008DDCE8 /* Sources */,
				FCA57D392B9F52F5008DDCE8 /* Frameworks */,
				FCA57D3A2B9F52F5008DDCE8 /* Resources */,
			);
			buildRules = (
			);
			dependencies = (
				FCA57D412B9F52F5008DDCE8 /* PBXTargetDependency */,
			);
			name = RedzoneTests;
			productName = RedzoneTests;
			productReference = FCA57D3C2B9F52F5008DDCE8 /* RedzoneTests.xctest */;
			productType = "com.apple.product-type.bundle.unit-test";
		};
		FCF912EB2BC0F61C005E5A44 /* RedzoneWidgets */ = {
			isa = PBXNativeTarget;
			buildConfigurationList = FCF912FF2BC0F61E005E5A44 /* Build configuration list for PBXNativeTarget "RedzoneWidgets" */;
			buildPhases = (
				FCF912E82BC0F61C005E5A44 /* Sources */,
				FCF912E92BC0F61C005E5A44 /* Frameworks */,
				FCF912EA2BC0F61C005E5A44 /* Resources */,
			);
			buildRules = (
			);
			dependencies = (
			);
			name = RedzoneWidgets;
			packageProductDependencies = (
				FCB2C7282C7EE1F400F01C81 /* GeoJSON */,
			);
			productName = RedzoneWidgetExtension;
			productReference = FCF912EC2BC0F61C005E5A44 /* RedzoneWidgets.appex */;
			productType = "com.apple.product-type.app-extension";
		};
/* End PBXNativeTarget section */

/* Begin PBXProject section */
		FC70F91929C29F9B006C5DAC /* Project object */ = {
			isa = PBXProject;
			attributes = {
				BuildIndependentTargetsInParallel = 1;
				LastSwiftUpdateCheck = 1540;
				LastUpgradeCheck = 2600;
				TargetAttributes = {
					FC70F92029C29F9B006C5DAC = {
						CreatedOnToolsVersion = 14.2;
					};
					FCA57D3B2B9F52F5008DDCE8 = {
						CreatedOnToolsVersion = 15.3;
						TestTargetID = FC70F92029C29F9B006C5DAC;
					};
					FCF912EB2BC0F61C005E5A44 = {
						CreatedOnToolsVersion = 15.3;
					};
				};
			};
			buildConfigurationList = FC70F91C29C29F9B006C5DAC /* Build configuration list for PBXProject "Redzone" */;
			compatibilityVersion = "Xcode 14.0";
			developmentRegion = en;
			hasScannedForEncodings = 0;
			knownRegions = (
				en,
				Base,
			);
			mainGroup = FC70F91829C29F9B006C5DAC;
			packageReferences = (
				FCB2C7252C7EE1E800F01C81 /* XCRemoteSwiftPackageReference "swift-geojson" */,
			);
			productRefGroup = FC70F92229C29F9B006C5DAC /* Products */;
			projectDirPath = "";
			projectRoot = "";
			targets = (
				FC70F92029C29F9B006C5DAC /* Redzone */,
				FCA57D3B2B9F52F5008DDCE8 /* RedzoneTests */,
				FCF912EB2BC0F61C005E5A44 /* RedzoneWidgets */,
			);
		};
/* End PBXProject section */

/* Begin PBXResourcesBuildPhase section */
		FC70F91F29C29F9B006C5DAC /* Resources */ = {
			isa = PBXResourcesBuildPhase;
			buildActionMask = 2147483647;
			files = (
				FC55043C2DE51208000F3AE5 /* PrivacyInfo.xcprivacy in Resources */,
				FC2DE5572DF8A7600081DE27 /* RedzoneGlass.icon in Resources */,
				FCFCADE72A3CFA7000944D48 /* Localizable.xcstrings in Resources */,
				FC70F92929C29F9D006C5DAC /* Assets.xcassets in Resources */,
			);
			runOnlyForDeploymentPostprocessing = 0;
		};
		FCA57D3A2B9F52F5008DDCE8 /* Resources */ = {
			isa = PBXResourcesBuildPhase;
			buildActionMask = 2147483647;
			files = (
			);
			runOnlyForDeploymentPostprocessing = 0;
		};
		FCF912EA2BC0F61C005E5A44 /* Resources */ = {
			isa = PBXResourcesBuildPhase;
			buildActionMask = 2147483647;
			files = (
				FCF912F72BC0F61E005E5A44 /* Assets.xcassets in Resources */,
			);
			runOnlyForDeploymentPostprocessing = 0;
		};
/* End PBXResourcesBuildPhase section */

/* Begin PBXSourcesBuildPhase section */
		FC70F91D29C29F9B006C5DAC /* Sources */ = {
			isa = PBXSourcesBuildPhase;
			buildActionMask = 2147483647;
			files = (
				FCAC379B2B79A69200AEB3C8 /* Button.swift in Sources */,
				FC21F63E29E1DE5700046C79 /* View.swift in Sources */,
				FC21F5F829D9F54A00046C79 /* AboutView.swift in Sources */,
				FCC6D5AC2C7ED4FA00B161D5 /* Collection.swift in Sources */,
				FCB4BBC62A48F93300738C3E /* TappedOutlook.swift in Sources */,
				FC0EA3222DE3FFA800B3B8CC /* AppStorageKeys.swift in Sources */,
				FCF811152BC1EA66005D3552 /* OutlookFetcherError.swift in Sources */,
				FC09745E2A40D7A50058EBF7 /* OutlookResponse.swift in Sources */,
				FCAC37A12B79B4B700AEB3C8 /* MapMultiPolygon.swift in Sources */,
				FCB4BBC82A4919E600738C3E /* ErrorView.swift in Sources */,
				FC0EA3242DE3FFB300B3B8CC /* CodedAppStorage.swift in Sources */,
				FC2668A12A5E5A0E00CA34DC /* MKMapRect.swift in Sources */,
				FCD037502BC4EE8F00986EC3 /* Logger.swift in Sources */,
				FC0974602A40D8220058EBF7 /* OutlookService.swift in Sources */,
				FCB386FD2A57A9B000C10FFB /* OutlookMapView.swift in Sources */,
				FC21F61029E10BB000046C79 /* Optional.swift in Sources */,
				FCAC37972B7879C300AEB3C8 /* PercentageRiskDetailView.swift in Sources */,
				FCAB72EB2BC383E300E41256 /* OutlookDayConfigurationIntent.swift in Sources */,
				FC6DD71D2DB31393002BB563 /* DisclaimerView.swift in Sources */,
				FC82317B2DE211C000492461 /* String.swift in Sources */,
				FCC6D5AE2C7ED4FA00B161D5 /* Bool.swift in Sources */,
				FCAC37952B78793600AEB3C8 /* AboutCategoricalRiskView.swift in Sources */,
				FCAC37922B76C2DD00AEB3C8 /* DismissButton.swift in Sources */,
				FCC6D5A52C7ED48300B161D5 /* Context.swift in Sources */,
				FC2668982A5CFF4D00CA34DC /* MapStylePicker.swift in Sources */,
				FC0EA31D2DE3D90400B3B8CC /* ClippedBackgroundModifier.swift in Sources */,
				FC70F92729C29F9B006C5DAC /* ContentView.swift in Sources */,
				FCAC379D2B79ABB800AEB3C8 /* OutlookLegendIconView.swift in Sources */,
				FC2A898B2C7C270900EA0BCF /* GeoJSONPolygon.swift in Sources */,
				FCFCADE52A3CEE3100944D48 /* SettingsView.swift in Sources */,
				FC21F62F29E1BB6A00046C79 /* BottomToolbar.swift in Sources */,
				FC21F5F129D9C8E800046C79 /* Color.swift in Sources */,
				FCB4BBC22A48E36100738C3E /* OutlookProperties.swift in Sources */,
				FC0EA3202DE3FF8200B3B8CC /* CommonURL.swift in Sources */,
				FCAB72D62BC37D8500E41256 /* OutlookDay.swift in Sources */,
				FC21F61929E11CA800046C79 /* LoadingModifier.swift in Sources */,
				FC2A89882C7C26D400EA0BCF /* GeoJSONFeature.swift in Sources */,
				FC26689F2A5E386200CA34DC /* LocationService.swift in Sources */,
				FC3172972C800474005281F6 /* MapViewStyle.swift in Sources */,
				FC6DD7202DB34CC7002BB563 /* LabelledLink.swift in Sources */,
				FCB386FA2A57A6C300C10FFB /* OutlookSeverity.swift in Sources */,
				FC54AFA82BDEBB6A00D559C0 /* CLLocationCoordinate2D.swift in Sources */,
				FC21F63329E1C84C00046C79 /* RiskDetailView.swift in Sources */,
				FCAC37902B75C88300AEB3C8 /* MapStyleModifier.swift in Sources */,
				FCAC379F2B79AC3100AEB3C8 /* SigSevLegendIconView.swift in Sources */,
				FCF8110E2BC1E92D005D3552 /* OutlookType.swift in Sources */,
				FCAC37992B787A0F00AEB3C8 /* RiskLevelLinksView.swift in Sources */,
				FCF811112BC1E952005D3552 /* OutlookFetcher.swift in Sources */,
				FC0EA3262DE4067100B3B8CC /* SafetyLinksSection.swift in Sources */,
				FC0EA32A2DE4B40400B3B8CC /* Extensions.swift in Sources */,
				FC70F92529C29F9B006C5DAC /* Redzone.swift in Sources */,
				FC21F62D29E1BA9800046C79 /* OutlookTypePicker.swift in Sources */,
			);
			runOnlyForDeploymentPostprocessing = 0;
		};
		FCA57D382B9F52F5008DDCE8 /* Sources */ = {
			isa = PBXSourcesBuildPhase;
			buildActionMask = 2147483647;
			files = (
				FCA57D3F2B9F52F5008DDCE8 /* ExtensionTests.swift in Sources */,
			);
			runOnlyForDeploymentPostprocessing = 0;
		};
		FCF912E82BC0F61C005E5A44 /* Sources */ = {
			isa = PBXSourcesBuildPhase;
			buildActionMask = 2147483647;
			files = (
				FCB2C72F2C7EE49B00F01C81 /* DateLabel.swift in Sources */,
				FCB2C72C2C7EE22A00F01C81 /* OutlookProvider.swift in Sources */,
				FC82317C2DE211C000492461 /* String.swift in Sources */,
				FCF912F32BC0F61C005E5A44 /* RedzoneWidgets.swift in Sources */,
				FCD037512BC4EE8F00986EC3 /* Logger.swift in Sources */,
				FCF811122BC1E952005D3552 /* OutlookFetcher.swift in Sources */,
				FCF811182BC1EC87005D3552 /* OutlookSeverity.swift in Sources */,
				FCE29F2E2CAE3BF800056693 /* ConvectiveRiskWidgetEntryView.swift in Sources */,
				FCC6D5C22C7ED8BD00B161D5 /* WidgetFoundation.swift in Sources */,
				FCF8111A2BC1EC87005D3552 /* OutlookType.swift in Sources */,
				FCAB72C82BC370F900E41256 /* NoSevereView.swift in Sources */,
				FCC6D5BF2C7ED8A500B161D5 /* TimelineReloadPolicy.swift in Sources */,
				FCF8111B2BC1EC87005D3552 /* OutlookProperties.swift in Sources */,
				FCE29F472CAE425C00056693 /* CombinedRisks.swift in Sources */,
				FCAB72C62BC3702E00E41256 /* CategoricalGaugeView.swift in Sources */,
				FCF811202BC1ED8C005D3552 /* WidgetLocation.swift in Sources */,
				FCF8111C2BC1EC87005D3552 /* OutlookResponse.swift in Sources */,
				FCC6D5BD2C7ED8A500B161D5 /* AppIntentTimelineProvider.swift in Sources */,
				FC0EA31F2DE3FF8200B3B8CC /* CommonURL.swift in Sources */,
				FCAB72EA2BC383E200E41256 /* OutlookDayConfigurationIntent.swift in Sources */,
				FCC6D5BC2C7ED8A500B161D5 /* View.swift in Sources */,
				FCE29F2C2CAE3BDA00056693 /* ConvectiveRiskWidget.swift in Sources */,
				FC2A898C2C7C270900EA0BCF /* GeoJSONPolygon.swift in Sources */,
				FCC6D5C02C7ED8A500B161D5 /* WidgetFamily.swift in Sources */,
				FCC6D5AF2C7ED4FA00B161D5 /* Bool.swift in Sources */,
				FCF8112F2BC1F4B8005D3552 /* OutlookLegendIconView.swift in Sources */,
				FC54AFA92BDEBBA100D559C0 /* CLLocationCoordinate2D.swift in Sources */,
				FCF811162BC1EA66005D3552 /* OutlookFetcherError.swift in Sources */,
				FCAB72CA2BC3714800E41256 /* WidgetErrorView.swift in Sources */,
				FCC6D5AD2C7ED4FA00B161D5 /* Collection.swift in Sources */,
				FCAB72D02BC3748400E41256 /* OutlookDay.swift in Sources */,
				FC2A89892C7C26D400EA0BCF /* GeoJSONFeature.swift in Sources */,
				FCF811212BC1F0AD005D3552 /* Color.swift in Sources */,
				FCF811222BC1F0AD005D3552 /* Optional.swift in Sources */,
				FCF811242BC1F0AD005D3552 /* Button.swift in Sources */,
				FCE29F3E2CAE3E7100056693 /* RiskBreakdownWidgetEntryView.swift in Sources */,
				FCE29F3F2CAE3E7100056693 /* CategoricalOutlookWidgetEntryView.swift in Sources */,
				FCF811252BC1F0AD005D3552 /* MKMapRect.swift in Sources */,
				FCC6D5BE2C7ED8A500B161D5 /* Timeline.swift in Sources */,
				FCB2C7362C7EE59800F01C81 /* UnsupportedWidgetFamilyView.swift in Sources */,
				FCE29F442CAE3EBE00056693 /* CombinedRiskWidgetEntryView.swift in Sources */,
				FCAB72D42BC37A7E00E41256 /* DayLabel.swift in Sources */,
			);
			runOnlyForDeploymentPostprocessing = 0;
		};
/* End PBXSourcesBuildPhase section */

/* Begin PBXTargetDependency section */
		FCA57D412B9F52F5008DDCE8 /* PBXTargetDependency */ = {
			isa = PBXTargetDependency;
			target = FC70F92029C29F9B006C5DAC /* Redzone */;
			targetProxy = FCA57D402B9F52F5008DDCE8 /* PBXContainerItemProxy */;
		};
		FCF912FA2BC0F61E005E5A44 /* PBXTargetDependency */ = {
			isa = PBXTargetDependency;
			target = FCF912EB2BC0F61C005E5A44 /* RedzoneWidgets */;
			targetProxy = FCF912F92BC0F61E005E5A44 /* PBXContainerItemProxy */;
		};
/* End PBXTargetDependency section */

/* Begin XCBuildConfiguration section */
		FC70F92D29C29F9D006C5DAC /* Debug */ = {
			isa = XCBuildConfiguration;
			baseConfigurationReference = FC5504372DE50ABE000F3AE5 /* Redzone.base.xcconfig */;
			buildSettings = {
				ALWAYS_SEARCH_USER_PATHS = NO;
				ASSETCATALOG_COMPILER_GENERATE_SWIFT_ASSET_SYMBOL_EXTENSIONS = YES;
				CLANG_ANALYZER_NONNULL = YES;
				CLANG_ANALYZER_NUMBER_OBJECT_CONVERSION = YES_AGGRESSIVE;
				CLANG_CXX_LANGUAGE_STANDARD = "gnu++20";
				CLANG_ENABLE_MODULES = YES;
				CLANG_ENABLE_OBJC_ARC = YES;
				CLANG_ENABLE_OBJC_WEAK = YES;
				CLANG_WARN_BLOCK_CAPTURE_AUTORELEASING = YES;
				CLANG_WARN_BOOL_CONVERSION = YES;
				CLANG_WARN_COMMA = YES;
				CLANG_WARN_CONSTANT_CONVERSION = YES;
				CLANG_WARN_DEPRECATED_OBJC_IMPLEMENTATIONS = YES;
				CLANG_WARN_DIRECT_OBJC_ISA_USAGE = YES_ERROR;
				CLANG_WARN_DOCUMENTATION_COMMENTS = YES;
				CLANG_WARN_EMPTY_BODY = YES;
				CLANG_WARN_ENUM_CONVERSION = YES;
				CLANG_WARN_INFINITE_RECURSION = YES;
				CLANG_WARN_INT_CONVERSION = YES;
				CLANG_WARN_NON_LITERAL_NULL_CONVERSION = YES;
				CLANG_WARN_OBJC_IMPLICIT_RETAIN_SELF = YES;
				CLANG_WARN_OBJC_LITERAL_CONVERSION = YES;
				CLANG_WARN_OBJC_ROOT_CLASS = YES_ERROR;
				CLANG_WARN_QUOTED_INCLUDE_IN_FRAMEWORK_HEADER = YES;
				CLANG_WARN_RANGE_LOOP_ANALYSIS = YES;
				CLANG_WARN_STRICT_PROTOTYPES = YES;
				CLANG_WARN_SUSPICIOUS_MOVE = YES;
				CLANG_WARN_UNGUARDED_AVAILABILITY = YES_AGGRESSIVE;
				CLANG_WARN_UNREACHABLE_CODE = YES;
				CLANG_WARN__DUPLICATE_METHOD_MATCH = YES;
				COPY_PHASE_STRIP = NO;
				CURRENT_PROJECT_VERSION = "$(BUILD)";
				DEBUG_INFORMATION_FORMAT = dwarf;
				DEVELOPMENT_TEAM = D2T6N8FXD6;
				ENABLE_STRICT_OBJC_MSGSEND = YES;
				ENABLE_TESTABILITY = YES;
				ENABLE_USER_SCRIPT_SANDBOXING = NO;
				GCC_C_LANGUAGE_STANDARD = gnu11;
				GCC_DYNAMIC_NO_PIC = NO;
				GCC_NO_COMMON_BLOCKS = YES;
				GCC_OPTIMIZATION_LEVEL = 0;
				GCC_PREPROCESSOR_DEFINITIONS = (
					"DEBUG=1",
					"$(inherited)",
				);
				GCC_WARN_64_TO_32_BIT_CONVERSION = YES;
				GCC_WARN_ABOUT_RETURN_TYPE = YES_ERROR;
				GCC_WARN_UNDECLARED_SELECTOR = YES;
				GCC_WARN_UNINITIALIZED_AUTOS = YES_AGGRESSIVE;
				GCC_WARN_UNUSED_FUNCTION = YES;
				GCC_WARN_UNUSED_VARIABLE = YES;
				IPHONEOS_DEPLOYMENT_TARGET = 17.0;
				MARKETING_VERSION = "$(VERSION)";
				MTL_ENABLE_DEBUG_INFO = INCLUDE_SOURCE;
				MTL_FAST_MATH = YES;
				ONLY_ACTIVE_ARCH = YES;
				SDKROOT = iphoneos;
				STRING_CATALOG_GENERATE_SYMBOLS = YES;
				SWIFT_ACTIVE_COMPILATION_CONDITIONS = DEBUG;
				SWIFT_OPTIMIZATION_LEVEL = "-Onone";
				SWIFT_STRICT_CONCURRENCY = complete;
				SWIFT_VERSION = "$(SWIFT)";
			};
			name = Debug;
		};
		FC70F92E29C29F9D006C5DAC /* Release */ = {
			isa = XCBuildConfiguration;
			baseConfigurationReference = FC5504372DE50ABE000F3AE5 /* Redzone.base.xcconfig */;
			buildSettings = {
				ALWAYS_SEARCH_USER_PATHS = NO;
				ASSETCATALOG_COMPILER_GENERATE_SWIFT_ASSET_SYMBOL_EXTENSIONS = YES;
				CLANG_ANALYZER_NONNULL = YES;
				CLANG_ANALYZER_NUMBER_OBJECT_CONVERSION = YES_AGGRESSIVE;
				CLANG_CXX_LANGUAGE_STANDARD = "gnu++20";
				CLANG_ENABLE_MODULES = YES;
				CLANG_ENABLE_OBJC_ARC = YES;
				CLANG_ENABLE_OBJC_WEAK = YES;
				CLANG_WARN_BLOCK_CAPTURE_AUTORELEASING = YES;
				CLANG_WARN_BOOL_CONVERSION = YES;
				CLANG_WARN_COMMA = YES;
				CLANG_WARN_CONSTANT_CONVERSION = YES;
				CLANG_WARN_DEPRECATED_OBJC_IMPLEMENTATIONS = YES;
				CLANG_WARN_DIRECT_OBJC_ISA_USAGE = YES_ERROR;
				CLANG_WARN_DOCUMENTATION_COMMENTS = YES;
				CLANG_WARN_EMPTY_BODY = YES;
				CLANG_WARN_ENUM_CONVERSION = YES;
				CLANG_WARN_INFINITE_RECURSION = YES;
				CLANG_WARN_INT_CONVERSION = YES;
				CLANG_WARN_NON_LITERAL_NULL_CONVERSION = YES;
				CLANG_WARN_OBJC_IMPLICIT_RETAIN_SELF = YES;
				CLANG_WARN_OBJC_LITERAL_CONVERSION = YES;
				CLANG_WARN_OBJC_ROOT_CLASS = YES_ERROR;
				CLANG_WARN_QUOTED_INCLUDE_IN_FRAMEWORK_HEADER = YES;
				CLANG_WARN_RANGE_LOOP_ANALYSIS = YES;
				CLANG_WARN_STRICT_PROTOTYPES = YES;
				CLANG_WARN_SUSPICIOUS_MOVE = YES;
				CLANG_WARN_UNGUARDED_AVAILABILITY = YES_AGGRESSIVE;
				CLANG_WARN_UNREACHABLE_CODE = YES;
				CLANG_WARN__DUPLICATE_METHOD_MATCH = YES;
				COPY_PHASE_STRIP = NO;
				CURRENT_PROJECT_VERSION = "$(BUILD)";
				DEBUG_INFORMATION_FORMAT = "dwarf-with-dsym";
				DEVELOPMENT_TEAM = D2T6N8FXD6;
				ENABLE_NS_ASSERTIONS = NO;
				ENABLE_STRICT_OBJC_MSGSEND = YES;
				ENABLE_USER_SCRIPT_SANDBOXING = NO;
				GCC_C_LANGUAGE_STANDARD = gnu11;
				GCC_NO_COMMON_BLOCKS = YES;
				GCC_WARN_64_TO_32_BIT_CONVERSION = YES;
				GCC_WARN_ABOUT_RETURN_TYPE = YES_ERROR;
				GCC_WARN_UNDECLARED_SELECTOR = YES;
				GCC_WARN_UNINITIALIZED_AUTOS = YES_AGGRESSIVE;
				GCC_WARN_UNUSED_FUNCTION = YES;
				GCC_WARN_UNUSED_VARIABLE = YES;
				IPHONEOS_DEPLOYMENT_TARGET = 17.0;
				MARKETING_VERSION = "$(VERSION)";
				MTL_ENABLE_DEBUG_INFO = NO;
				MTL_FAST_MATH = YES;
				SDKROOT = iphoneos;
				STRING_CATALOG_GENERATE_SYMBOLS = YES;
				SWIFT_COMPILATION_MODE = wholemodule;
				SWIFT_OPTIMIZATION_LEVEL = "-O";
				SWIFT_STRICT_CONCURRENCY = complete;
				SWIFT_VERSION = "$(SWIFT)";
				VALIDATE_PRODUCT = YES;
			};
			name = Release;
		};
		FC70F93029C29F9D006C5DAC /* Debug */ = {
			isa = XCBuildConfiguration;
			baseConfigurationReference = FC5504362DE509C6000F3AE5 /* Redzone.debug.xcconfig */;
			buildSettings = {
				ASSETCATALOG_COMPILER_APPICON_NAME = RedzoneGlass;
				ASSETCATALOG_COMPILER_GLOBAL_ACCENT_COLOR_NAME = AccentColor;
				ASSETCATALOG_COMPILER_INCLUDE_ALL_APPICON_ASSETS = NO;
				CODE_SIGN_ENTITLEMENTS = Redzone/Redzone.entitlements;
				CODE_SIGN_STYLE = Automatic;
				CURRENT_PROJECT_VERSION = "$(BUILD)";
				DEVELOPMENT_ASSET_PATHS = "";
				ENABLE_PREVIEWS = YES;
				ENABLE_USER_SCRIPT_SANDBOXING = YES;
				GENERATE_INFOPLIST_FILE = YES;
				INFOPLIST_FILE = "Redzone-Info.plist";
				INFOPLIST_KEY_ITSAppUsesNonExemptEncryption = NO;
				INFOPLIST_KEY_LSApplicationCategoryType = "public.app-category.weather";
				INFOPLIST_KEY_NSLocationUsageDescription = "Redzone pinpoints your location on the map and uses it to show outlook coverage in your area. Redzone does not send your location over the internet.";
				INFOPLIST_KEY_NSLocationWhenInUseUsageDescription = "Redzone pinpoints your location on the map and uses it to show outlook coverage in your area. Redzone does not send your location over the internet.";
				INFOPLIST_KEY_UIApplicationSceneManifest_Generation = YES;
				INFOPLIST_KEY_UIApplicationSupportsIndirectInputEvents = YES;
				INFOPLIST_KEY_UILaunchScreen_Generation = YES;
				INFOPLIST_KEY_UISupportedInterfaceOrientations_iPad = "UIInterfaceOrientationPortrait UIInterfaceOrientationPortraitUpsideDown UIInterfaceOrientationLandscapeLeft UIInterfaceOrientationLandscapeRight";
				INFOPLIST_KEY_UISupportedInterfaceOrientations_iPhone = "UIInterfaceOrientationPortrait UIInterfaceOrientationLandscapeLeft UIInterfaceOrientationLandscapeRight";
				IPHONEOS_DEPLOYMENT_TARGET = 17.0;
				LD_RUNPATH_SEARCH_PATHS = (
					"$(inherited)",
					"@executable_path/Frameworks",
				);
				MARKETING_VERSION = "$(VERSION)";
				PRODUCT_BUNDLE_IDENTIFIER = dev.gregwhatley.redzone;
				PRODUCT_NAME = "$(TARGET_NAME)";
				SWIFT_EMIT_LOC_STRINGS = YES;
				SWIFT_VERSION = "$(SWIFT)";
				TARGETED_DEVICE_FAMILY = "1,2";
			};
			name = Debug;
		};
		FC70F93129C29F9D006C5DAC /* Release */ = {
			isa = XCBuildConfiguration;
			baseConfigurationReference = FC5504382DE50AD0000F3AE5 /* Redzone.release.xcconfig */;
			buildSettings = {
				ASSETCATALOG_COMPILER_APPICON_NAME = RedzoneGlass;
				ASSETCATALOG_COMPILER_GLOBAL_ACCENT_COLOR_NAME = AccentColor;
				ASSETCATALOG_COMPILER_INCLUDE_ALL_APPICON_ASSETS = NO;
				CODE_SIGN_ENTITLEMENTS = Redzone/Redzone.entitlements;
				CODE_SIGN_STYLE = Automatic;
				CURRENT_PROJECT_VERSION = "$(BUILD)";
				DEVELOPMENT_ASSET_PATHS = "";
				ENABLE_PREVIEWS = YES;
				ENABLE_USER_SCRIPT_SANDBOXING = YES;
				GENERATE_INFOPLIST_FILE = YES;
				INFOPLIST_FILE = "Redzone-Info.plist";
				INFOPLIST_KEY_ITSAppUsesNonExemptEncryption = NO;
				INFOPLIST_KEY_LSApplicationCategoryType = "public.app-category.weather";
				INFOPLIST_KEY_NSLocationUsageDescription = "Redzone pinpoints your location on the map and uses it to show outlook coverage in your area. Redzone does not send your location over the internet.";
				INFOPLIST_KEY_NSLocationWhenInUseUsageDescription = "Redzone pinpoints your location on the map and uses it to show outlook coverage in your area. Redzone does not send your location over the internet.";
				INFOPLIST_KEY_UIApplicationSceneManifest_Generation = YES;
				INFOPLIST_KEY_UIApplicationSupportsIndirectInputEvents = YES;
				INFOPLIST_KEY_UILaunchScreen_Generation = YES;
				INFOPLIST_KEY_UISupportedInterfaceOrientations_iPad = "UIInterfaceOrientationPortrait UIInterfaceOrientationPortraitUpsideDown UIInterfaceOrientationLandscapeLeft UIInterfaceOrientationLandscapeRight";
				INFOPLIST_KEY_UISupportedInterfaceOrientations_iPhone = "UIInterfaceOrientationPortrait UIInterfaceOrientationLandscapeLeft UIInterfaceOrientationLandscapeRight";
				IPHONEOS_DEPLOYMENT_TARGET = 17.0;
				LD_RUNPATH_SEARCH_PATHS = (
					"$(inherited)",
					"@executable_path/Frameworks",
				);
				MARKETING_VERSION = "$(VERSION)";
				PRODUCT_BUNDLE_IDENTIFIER = dev.gregwhatley.redzone;
				PRODUCT_NAME = "$(TARGET_NAME)";
				SWIFT_EMIT_LOC_STRINGS = YES;
				SWIFT_VERSION = "$(SWIFT)";
				TARGETED_DEVICE_FAMILY = "1,2";
			};
			name = Release;
		};
		FCA57D422B9F52F5008DDCE8 /* Debug */ = {
			isa = XCBuildConfiguration;
			baseConfigurationReference = FC5504362DE509C6000F3AE5 /* Redzone.debug.xcconfig */;
			buildSettings = {
				BUNDLE_LOADER = "$(TEST_HOST)";
				CODE_SIGN_STYLE = Automatic;
				CURRENT_PROJECT_VERSION = "$(BUILD)";
				GCC_C_LANGUAGE_STANDARD = gnu17;
				GENERATE_INFOPLIST_FILE = YES;
				IPHONEOS_DEPLOYMENT_TARGET = 17.0;
				LOCALIZATION_PREFERS_STRING_CATALOGS = YES;
				MARKETING_VERSION = "$(VERSION)";
				PRODUCT_BUNDLE_IDENTIFIER = dev.gregwhatley.redzone.tests;
				PRODUCT_NAME = "$(TARGET_NAME)";
				SWIFT_ACTIVE_COMPILATION_CONDITIONS = "DEBUG $(inherited)";
				SWIFT_EMIT_LOC_STRINGS = NO;
				SWIFT_VERSION = "$(SWIFT)";
				TARGETED_DEVICE_FAMILY = "1,2";
				TEST_HOST = "$(BUILT_PRODUCTS_DIR)/Redzone.app/$(BUNDLE_EXECUTABLE_FOLDER_PATH)/Redzone";
			};
			name = Debug;
		};
		FCA57D432B9F52F5008DDCE8 /* Release */ = {
			isa = XCBuildConfiguration;
			baseConfigurationReference = FC5504382DE50AD0000F3AE5 /* Redzone.release.xcconfig */;
			buildSettings = {
				BUNDLE_LOADER = "$(TEST_HOST)";
				CODE_SIGN_STYLE = Automatic;
				CURRENT_PROJECT_VERSION = "$(BUILD)";
				GCC_C_LANGUAGE_STANDARD = gnu17;
				GENERATE_INFOPLIST_FILE = YES;
				IPHONEOS_DEPLOYMENT_TARGET = 17.0;
				LOCALIZATION_PREFERS_STRING_CATALOGS = YES;
				MARKETING_VERSION = "$(VERSION)";
				PRODUCT_BUNDLE_IDENTIFIER = dev.gregwhatley.redzone.tests;
				PRODUCT_NAME = "$(TARGET_NAME)";
				SWIFT_EMIT_LOC_STRINGS = NO;
				SWIFT_VERSION = "$(SWIFT)";
				TARGETED_DEVICE_FAMILY = "1,2";
				TEST_HOST = "$(BUILT_PRODUCTS_DIR)/Redzone.app/$(BUNDLE_EXECUTABLE_FOLDER_PATH)/Redzone";
			};
			name = Release;
		};
		FCF912FD2BC0F61E005E5A44 /* Debug */ = {
			isa = XCBuildConfiguration;
			baseConfigurationReference = FC5504362DE509C6000F3AE5 /* Redzone.debug.xcconfig */;
			buildSettings = {
				ASSETCATALOG_COMPILER_GLOBAL_ACCENT_COLOR_NAME = AccentColor;
				ASSETCATALOG_COMPILER_WIDGET_BACKGROUND_COLOR_NAME = WidgetBackground;
				CODE_SIGN_ENTITLEMENTS = RedzoneWidgets/RedzoneWidgets.entitlements;
				CODE_SIGN_STYLE = Automatic;
				CURRENT_PROJECT_VERSION = "$(BUILD)";
				GCC_C_LANGUAGE_STANDARD = gnu17;
				GENERATE_INFOPLIST_FILE = YES;
				INFOPLIST_FILE = RedzoneWidgets/Info.plist;
				INFOPLIST_KEY_CFBundleDisplayName = RedzoneWidgets;
				INFOPLIST_KEY_NSHumanReadableCopyright = "";
				IPHONEOS_DEPLOYMENT_TARGET = 17.4;
				LD_RUNPATH_SEARCH_PATHS = (
					"$(inherited)",
					"@executable_path/Frameworks",
					"@executable_path/../../Frameworks",
				);
				LOCALIZATION_PREFERS_STRING_CATALOGS = YES;
				MARKETING_VERSION = "$(VERSION)";
				PRODUCT_BUNDLE_IDENTIFIER = dev.gregwhatley.redzone.widget;
				PRODUCT_NAME = "$(TARGET_NAME)";
				SKIP_INSTALL = YES;
				SWIFT_ACTIVE_COMPILATION_CONDITIONS = "DEBUG $(inherited)";
				SWIFT_EMIT_LOC_STRINGS = YES;
				SWIFT_VERSION = "$(SWIFT)";
				TARGETED_DEVICE_FAMILY = "1,2";
			};
			name = Debug;
		};
		FCF912FE2BC0F61E005E5A44 /* Release */ = {
			isa = XCBuildConfiguration;
			baseConfigurationReference = FC5504382DE50AD0000F3AE5 /* Redzone.release.xcconfig */;
			buildSettings = {
				ASSETCATALOG_COMPILER_GLOBAL_ACCENT_COLOR_NAME = AccentColor;
				ASSETCATALOG_COMPILER_WIDGET_BACKGROUND_COLOR_NAME = WidgetBackground;
				CODE_SIGN_ENTITLEMENTS = RedzoneWidgets/RedzoneWidgets.entitlements;
				CODE_SIGN_STYLE = Automatic;
				CURRENT_PROJECT_VERSION = "$(BUILD)";
				GCC_C_LANGUAGE_STANDARD = gnu17;
				GENERATE_INFOPLIST_FILE = YES;
				INFOPLIST_FILE = RedzoneWidgets/Info.plist;
				INFOPLIST_KEY_CFBundleDisplayName = RedzoneWidgets;
				INFOPLIST_KEY_NSHumanReadableCopyright = "";
				IPHONEOS_DEPLOYMENT_TARGET = 17.4;
				LD_RUNPATH_SEARCH_PATHS = (
					"$(inherited)",
					"@executable_path/Frameworks",
					"@executable_path/../../Frameworks",
				);
				LOCALIZATION_PREFERS_STRING_CATALOGS = YES;
				MARKETING_VERSION = "$(VERSION)";
				PRODUCT_BUNDLE_IDENTIFIER = dev.gregwhatley.redzone.widget;
				PRODUCT_NAME = "$(TARGET_NAME)";
				SKIP_INSTALL = YES;
				SWIFT_EMIT_LOC_STRINGS = YES;
				SWIFT_VERSION = "$(SWIFT)";
				TARGETED_DEVICE_FAMILY = "1,2";
			};
			name = Release;
		};
/* End XCBuildConfiguration section */

/* Begin XCConfigurationList section */
		FC70F91C29C29F9B006C5DAC /* Build configuration list for PBXProject "Redzone" */ = {
			isa = XCConfigurationList;
			buildConfigurations = (
				FC70F92D29C29F9D006C5DAC /* Debug */,
				FC70F92E29C29F9D006C5DAC /* Release */,
			);
			defaultConfigurationIsVisible = 0;
			defaultConfigurationName = Release;
		};
		FC70F92F29C29F9D006C5DAC /* Build configuration list for PBXNativeTarget "Redzone" */ = {
			isa = XCConfigurationList;
			buildConfigurations = (
				FC70F93029C29F9D006C5DAC /* Debug */,
				FC70F93129C29F9D006C5DAC /* Release */,
			);
			defaultConfigurationIsVisible = 0;
			defaultConfigurationName = Release;
		};
		FCA57D442B9F52F5008DDCE8 /* Build configuration list for PBXNativeTarget "RedzoneTests" */ = {
			isa = XCConfigurationList;
			buildConfigurations = (
				FCA57D422B9F52F5008DDCE8 /* Debug */,
				FCA57D432B9F52F5008DDCE8 /* Release */,
			);
			defaultConfigurationIsVisible = 0;
			defaultConfigurationName = Release;
		};
		FCF912FF2BC0F61E005E5A44 /* Build configuration list for PBXNativeTarget "RedzoneWidgets" */ = {
			isa = XCConfigurationList;
			buildConfigurations = (
				FCF912FD2BC0F61E005E5A44 /* Debug */,
				FCF912FE2BC0F61E005E5A44 /* Release */,
			);
			defaultConfigurationIsVisible = 0;
			defaultConfigurationName = Release;
		};
/* End XCConfigurationList section */

/* Begin XCRemoteSwiftPackageReference section */
		FCB2C7252C7EE1E800F01C81 /* XCRemoteSwiftPackageReference "swift-geojson" */ = {
			isa = XCRemoteSwiftPackageReference;
			repositoryURL = "https://github.com/devgregw/swift-geojson";
			requirement = {
				kind = upToNextMajorVersion;
				minimumVersion = 1.0.1;
			};
		};
/* End XCRemoteSwiftPackageReference section */

/* Begin XCSwiftPackageProductDependency section */
		FCB2C7262C7EE1E800F01C81 /* GeoJSON */ = {
			isa = XCSwiftPackageProductDependency;
			package = FCB2C7252C7EE1E800F01C81 /* XCRemoteSwiftPackageReference "swift-geojson" */;
			productName = GeoJSON;
		};
		FCB2C7282C7EE1F400F01C81 /* GeoJSON */ = {
			isa = XCSwiftPackageProductDependency;
			package = FCB2C7252C7EE1E800F01C81 /* XCRemoteSwiftPackageReference "swift-geojson" */;
			productName = GeoJSON;
		};
/* End XCSwiftPackageProductDependency section */
	};
	rootObject = FC70F91929C29F9B006C5DAC /* Project object */;
}
