{
  "originHash" : "234d07778a9848c100d8a2663a1544900a13c6255e820cda393d29c593df048f",
  "pins" : [
    {
      "identity" : "swift-geojson",
      "kind" : "remoteSourceControl",
      "location" : "https://github.com/devgregw/swift-geojson",
      "state" : {
        "revision" : "643fa946c1e1777633c34047ddd27ca8d5dd8669",
        "version" : "2.0.0"
      }
    }
  ],
  "version" : 3
}
