{
  "originHash" : "234d07778a9848c100d8a2663a1544900a13c6255e820cda393d29c593df048f",
  "pins" : [
    {
      "identity" : "swift-geojson",
      "kind" : "remoteSourceControl",
      "location" : "https://github.com/devgregw/swift-geojson",
      "state" : {
        "revision" : "e7b108d9e5e893cd832e734917fde10b30e3ff73",
        "version" : "3.0.2"
      }
    }
  ],
  "version" : 3
}
