{
  "originHash" : "234d07778a9848c100d8a2663a1544900a13c6255e820cda393d29c593df048f",
  "pins" : [
    {
      "identity" : "swift-geojson",
      "kind" : "remoteSourceControl",
      "location" : "https://github.com/devgregw/swift-geojson",
      "state" : {
        "revision" : "a23c1adc2f2b983ba571e0b67eaf286e9ba9388e",
        "version" : "3.0.1"
      }
    }
  ],
  "version" : 3
}
